// !$*UTF8*$!
{
	archiveVersion = 1;
	classes = {
	};
	objectVersion = 46;
	objects = {

/* Begin PBXBuildFile section */
		4E040DBA17F053DB00C1E6A3 /* FMDatabase.m in Sources */ = {isa = PBXBuildFile; fileRef = 4E040DB117F053DB00C1E6A3 /* FMDatabase.m */; };
		4E040DBB17F053DB00C1E6A3 /* FMDatabaseAdditions.m in Sources */ = {isa = PBXBuildFile; fileRef = 4E040DB317F053DB00C1E6A3 /* FMDatabaseAdditions.m */; };
		4E040DBC17F053DB00C1E6A3 /* FMDatabasePool.m in Sources */ = {isa = PBXBuildFile; fileRef = 4E040DB517F053DB00C1E6A3 /* FMDatabasePool.m */; };
		4E040DBD17F053DB00C1E6A3 /* FMDatabaseQueue.m in Sources */ = {isa = PBXBuildFile; fileRef = 4E040DB717F053DB00C1E6A3 /* FMDatabaseQueue.m */; };
		4E040DBE17F053DB00C1E6A3 /* FMResultSet.m in Sources */ = {isa = PBXBuildFile; fileRef = 4E040DB917F053DB00C1E6A3 /* FMResultSet.m */; };
		4E040DC017F053E700C1E6A3 /* libsqlite3.0.dylib in Frameworks */ = {isa = PBXBuildFile; fileRef = 4E040DBF17F053E700C1E6A3 /* libsqlite3.0.dylib */; };
		4E040DC617F0748900C1E6A3 /* SQLManager.m in Sources */ = {isa = PBXBuildFile; fileRef = 4E040DC517F0748900C1E6A3 /* SQLManager.m */; };
		4E040DC917F0822C00C1E6A3 /* SBTableAlert.m in Sources */ = {isa = PBXBuildFile; fileRef = 4E040DC817F0822C00C1E6A3 /* SBTableAlert.m */; };
		4E040DCB17F130F400C1E6A3 /* OrderType.h in Sources */ = {isa = PBXBuildFile; fileRef = 4E040DCA17F1309E00C1E6A3 /* OrderType.h */; };
		4E040DD817F1362200C1E6A3 /* Alchemy.MP3 in Resources */ = {isa = PBXBuildFile; fileRef = 4E040DCD17F1362200C1E6A3 /* Alchemy.MP3 */; };
		4E040DD917F1362200C1E6A3 /* AudibleAlarm.MP3 in Resources */ = {isa = PBXBuildFile; fileRef = 4E040DCE17F1362200C1E6A3 /* AudibleAlarm.MP3 */; };
		4E040DDA17F1362200C1E6A3 /* Bird.MP3 in Resources */ = {isa = PBXBuildFile; fileRef = 4E040DCF17F1362200C1E6A3 /* Bird.MP3 */; };
		4E040DDB17F1362200C1E6A3 /* CS.MP3 in Resources */ = {isa = PBXBuildFile; fileRef = 4E040DD017F1362200C1E6A3 /* CS.MP3 */; };
		4E040DDC17F1362200C1E6A3 /* Ericsson ring.MP3 in Resources */ = {isa = PBXBuildFile; fileRef = 4E040DD117F1362200C1E6A3 /* Ericsson ring.MP3 */; };
		4E040DDD17F1362200C1E6A3 /* Howl.MP3 in Resources */ = {isa = PBXBuildFile; fileRef = 4E040DD217F1362200C1E6A3 /* Howl.MP3 */; };
		4E040DDE17F1362200C1E6A3 /* ICQ sms sound.MP3 in Resources */ = {isa = PBXBuildFile; fileRef = 4E040DD317F1362200C1E6A3 /* ICQ sms sound.MP3 */; };
		4E040DDF17F1362200C1E6A3 /* Jumping Cat.MP3 in Resources */ = {isa = PBXBuildFile; fileRef = 4E040DD417F1362200C1E6A3 /* Jumping Cat.MP3 */; };
		4E040DE017F1362200C1E6A3 /* Laughter.MP3 in Resources */ = {isa = PBXBuildFile; fileRef = 4E040DD517F1362200C1E6A3 /* Laughter.MP3 */; };
		4E040DE117F1362200C1E6A3 /* Sent.MP3 in Resources */ = {isa = PBXBuildFile; fileRef = 4E040DD617F1362200C1E6A3 /* Sent.MP3 */; };
		4E040DE217F1362200C1E6A3 /* Siren.MP3 in Resources */ = {isa = PBXBuildFile; fileRef = 4E040DD717F1362200C1E6A3 /* Siren.MP3 */; };
		4E0943AC17F2B39200384362 /* CustomiseActionSheet.m in Sources */ = {isa = PBXBuildFile; fileRef = 4E0943AB17F2B39200384362 /* CustomiseActionSheet.m */; };
		4E0F313E17EF3CD8006FC754 /* Main_Bg.png in Resources */ = {isa = PBXBuildFile; fileRef = 4E0F312617EF3CD8006FC754 /* Main_Bg.png */; };
		4E0F313F17EF3CD8006FC754 /* Main_Bt_Find.png in Resources */ = {isa = PBXBuildFile; fileRef = 4E0F312717EF3CD8006FC754 /* Main_Bt_Find.png */; };
		4E0F314017EF3CD8006FC754 /* Main_Bt_Help.png in Resources */ = {isa = PBXBuildFile; fileRef = 4E0F312817EF3CD8006FC754 /* Main_Bt_Help.png */; };
		4E0F314117EF3CD8006FC754 /* Main_Bt_Remote.png in Resources */ = {isa = PBXBuildFile; fileRef = 4E0F312917EF3CD8006FC754 /* Main_Bt_Remote.png */; };
		4E0F314217EF3CD8006FC754 /* Main_Icon_Bag_H.png in Resources */ = {isa = PBXBuildFile; fileRef = 4E0F312A17EF3CD8006FC754 /* Main_Icon_Bag_H.png */; };
		4E0F314317EF3CD8006FC754 /* Main_Icon_Bag_N.png in Resources */ = {isa = PBXBuildFile; fileRef = 4E0F312B17EF3CD8006FC754 /* Main_Icon_Bag_N.png */; };
		4E0F314417EF3CD8006FC754 /* Main_Icon_Key_H.png in Resources */ = {isa = PBXBuildFile; fileRef = 4E0F312C17EF3CD8006FC754 /* Main_Icon_Key_H.png */; };
		4E0F314517EF3CD8006FC754 /* Main_Icon_Key_N.png in Resources */ = {isa = PBXBuildFile; fileRef = 4E0F312D17EF3CD8006FC754 /* Main_Icon_Key_N.png */; };
		4E0F314817EF3CD8006FC754 /* Main_Icon_Wallet_H.png in Resources */ = {isa = PBXBuildFile; fileRef = 4E0F313017EF3CD8006FC754 /* Main_Icon_Wallet_H.png */; };
		4E0F314917EF3CD8006FC754 /* Main_Icon_Wallet_N.png in Resources */ = {isa = PBXBuildFile; fileRef = 4E0F313117EF3CD8006FC754 /* Main_Icon_Wallet_N.png */; };
		4E0F314A17EF3CD8006FC754 /* Main_TopBar.png in Resources */ = {isa = PBXBuildFile; fileRef = 4E0F313217EF3CD8006FC754 /* Main_TopBar.png */; };
		4E0F314B17EF3CD8006FC754 /* Settings_Bg.png in Resources */ = {isa = PBXBuildFile; fileRef = 4E0F313317EF3CD8006FC754 /* Settings_Bg.png */; };
		4E0F314C17EF3CD8006FC754 /* Settings_Bt_01.png in Resources */ = {isa = PBXBuildFile; fileRef = 4E0F313417EF3CD8006FC754 /* Settings_Bt_01.png */; };
		4E0F314D17EF3CD8006FC754 /* Settings_Bt_02.png in Resources */ = {isa = PBXBuildFile; fileRef = 4E0F313517EF3CD8006FC754 /* Settings_Bt_02.png */; };
		4E0F314E17EF3CD8006FC754 /* Settings_Bt_03.png in Resources */ = {isa = PBXBuildFile; fileRef = 4E0F313617EF3CD8006FC754 /* Settings_Bt_03.png */; };
		4E0F314F17EF3CD8006FC754 /* Settings_Icon_Bag.png in Resources */ = {isa = PBXBuildFile; fileRef = 4E0F313717EF3CD8006FC754 /* Settings_Icon_Bag.png */; };
		4E0F315017EF3CD8006FC754 /* Settings_Icon_Battery.png in Resources */ = {isa = PBXBuildFile; fileRef = 4E0F313817EF3CD8006FC754 /* Settings_Icon_Battery.png */; };
		4E0F315117EF3CD8006FC754 /* Settings_Icon_Key.png in Resources */ = {isa = PBXBuildFile; fileRef = 4E0F313917EF3CD8006FC754 /* Settings_Icon_Key.png */; };
		4E0F315217EF3CD8006FC754 /* Settings_Icon_Kid.png in Resources */ = {isa = PBXBuildFile; fileRef = 4E0F313A17EF3CD8006FC754 /* Settings_Icon_Kid.png */; };
		4E0F315317EF3CD8006FC754 /* Settings_Icon_Scope.png in Resources */ = {isa = PBXBuildFile; fileRef = 4E0F313B17EF3CD8006FC754 /* Settings_Icon_Scope.png */; };
		4E0F315417EF3CD8006FC754 /* Settings_Icon_Sinal.png in Resources */ = {isa = PBXBuildFile; fileRef = 4E0F313C17EF3CD8006FC754 /* Settings_Icon_Sinal.png */; };
		4E0F315517EF3CD8006FC754 /* Settings_Icon_Wallet.png in Resources */ = {isa = PBXBuildFile; fileRef = 4E0F313D17EF3CD8006FC754 /* Settings_Icon_Wallet.png */; };
		4E0F316E17EF3CE1006FC754 /* Main_Bg@2x.png in Resources */ = {isa = PBXBuildFile; fileRef = 4E0F315617EF3CE1006FC754 /* Main_Bg@2x.png */; };
		4E0F316F17EF3CE1006FC754 /* Main_Bt_Find@2x.png in Resources */ = {isa = PBXBuildFile; fileRef = 4E0F315717EF3CE1006FC754 /* Main_Bt_Find@2x.png */; };
		4E0F317017EF3CE1006FC754 /* Main_Bt_Help@2x.png in Resources */ = {isa = PBXBuildFile; fileRef = 4E0F315817EF3CE1006FC754 /* Main_Bt_Help@2x.png */; };
		4E0F317117EF3CE1006FC754 /* Main_Bt_Remote@2x.png in Resources */ = {isa = PBXBuildFile; fileRef = 4E0F315917EF3CE1006FC754 /* Main_Bt_Remote@2x.png */; };
		4E0F317217EF3CE1006FC754 /* Main_Icon_Bag_H@2x.png in Resources */ = {isa = PBXBuildFile; fileRef = 4E0F315A17EF3CE1006FC754 /* Main_Icon_Bag_H@2x.png */; };
		4E0F317317EF3CE1006FC754 /* Main_Icon_Bag_N@2x.png in Resources */ = {isa = PBXBuildFile; fileRef = 4E0F315B17EF3CE1006FC754 /* Main_Icon_Bag_N@2x.png */; };
		4E0F317417EF3CE1006FC754 /* Main_Icon_Key_H@2x.png in Resources */ = {isa = PBXBuildFile; fileRef = 4E0F315C17EF3CE1006FC754 /* Main_Icon_Key_H@2x.png */; };
		4E0F317517EF3CE1006FC754 /* Main_Icon_Key_N@2x.png in Resources */ = {isa = PBXBuildFile; fileRef = 4E0F315D17EF3CE1006FC754 /* Main_Icon_Key_N@2x.png */; };
		4E0F317617EF3CE1006FC754 /* Main_Icon_Kid_N@2x.png in Resources */ = {isa = PBXBuildFile; fileRef = 4E0F315E17EF3CE1006FC754 /* Main_Icon_Kid_N@2x.png */; };
		4E0F317717EF3CE1006FC754 /* Main_Icon_Kid_H@2x.png in Resources */ = {isa = PBXBuildFile; fileRef = 4E0F315F17EF3CE1006FC754 /* Main_Icon_Kid_H@2x.png */; };
		4E0F317817EF3CE1006FC754 /* Main_Icon_Wallet_H@2x.png in Resources */ = {isa = PBXBuildFile; fileRef = 4E0F316017EF3CE1006FC754 /* Main_Icon_Wallet_H@2x.png */; };
		4E0F317917EF3CE1006FC754 /* Main_Icon_Wallet_N@2x.png in Resources */ = {isa = PBXBuildFile; fileRef = 4E0F316117EF3CE1006FC754 /* Main_Icon_Wallet_N@2x.png */; };
		4E0F317A17EF3CE1006FC754 /* Main_TopBar@2x.png in Resources */ = {isa = PBXBuildFile; fileRef = 4E0F316217EF3CE1006FC754 /* Main_TopBar@2x.png */; };
		4E0F317B17EF3CE1006FC754 /* Settings_Bg@2x.png in Resources */ = {isa = PBXBuildFile; fileRef = 4E0F316317EF3CE1006FC754 /* Settings_Bg@2x.png */; };
		4E0F317C17EF3CE1006FC754 /* Settings_Bt_01@2x.png in Resources */ = {isa = PBXBuildFile; fileRef = 4E0F316417EF3CE1006FC754 /* Settings_Bt_01@2x.png */; };
		4E0F317D17EF3CE1006FC754 /* Settings_Bt_02@2x.png in Resources */ = {isa = PBXBuildFile; fileRef = 4E0F316517EF3CE1006FC754 /* Settings_Bt_02@2x.png */; };
		4E0F317E17EF3CE1006FC754 /* Settings_Bt_03@2x.png in Resources */ = {isa = PBXBuildFile; fileRef = 4E0F316617EF3CE1006FC754 /* Settings_Bt_03@2x.png */; };
		4E0F317F17EF3CE1006FC754 /* Settings_Icon_Bag@2x.png in Resources */ = {isa = PBXBuildFile; fileRef = 4E0F316717EF3CE1006FC754 /* Settings_Icon_Bag@2x.png */; };
		4E0F318017EF3CE1006FC754 /* Settings_Icon_Battery@2x.png in Resources */ = {isa = PBXBuildFile; fileRef = 4E0F316817EF3CE1006FC754 /* Settings_Icon_Battery@2x.png */; };
		4E0F318117EF3CE1006FC754 /* Settings_Icon_Key@2x.png in Resources */ = {isa = PBXBuildFile; fileRef = 4E0F316917EF3CE1006FC754 /* Settings_Icon_Key@2x.png */; };
		4E0F318217EF3CE1006FC754 /* Settings_Icon_Kid@2x.png in Resources */ = {isa = PBXBuildFile; fileRef = 4E0F316A17EF3CE1006FC754 /* Settings_Icon_Kid@2x.png */; };
		4E0F318317EF3CE1006FC754 /* Settings_Icon_Scope@2x.png in Resources */ = {isa = PBXBuildFile; fileRef = 4E0F316B17EF3CE1006FC754 /* Settings_Icon_Scope@2x.png */; };
		4E0F318417EF3CE1006FC754 /* Settings_Icon_Sinal@2x.png in Resources */ = {isa = PBXBuildFile; fileRef = 4E0F316C17EF3CE1006FC754 /* Settings_Icon_Sinal@2x.png */; };
		4E0F318517EF3CE1006FC754 /* Settings_Icon_Wallet@2x.png in Resources */ = {isa = PBXBuildFile; fileRef = 4E0F316D17EF3CE1006FC754 /* Settings_Icon_Wallet@2x.png */; };
		4E178F0717F46DF4007D5652 /* MusicViewController.m in Sources */ = {isa = PBXBuildFile; fileRef = 4E178F0617F46DF4007D5652 /* MusicViewController.m */; };
		C3437E9317EEC79100C67F2C /* Constants.h in Sources */ = {isa = PBXBuildFile; fileRef = C3840BB917EAA9850049FDE5 /* Constants.h */; };
		C3437EA917EED22300C67F2C /* FPPopoverController.m in Sources */ = {isa = PBXBuildFile; fileRef = C3437EA217EED22300C67F2C /* FPPopoverController.m */; };
		C3437EAA17EED22300C67F2C /* FPPopoverView.m in Sources */ = {isa = PBXBuildFile; fileRef = C3437EA417EED22300C67F2C /* FPPopoverView.m */; };
		C3437EAB17EED22300C67F2C /* FPTouchView.m in Sources */ = {isa = PBXBuildFile; fileRef = C3437EA617EED22300C67F2C /* FPTouchView.m */; };
		C3437EAC17EED22300C67F2C /* PopUpTableViewController.m in Sources */ = {isa = PBXBuildFile; fileRef = C3437EA817EED22300C67F2C /* PopUpTableViewController.m */; };
		C3437EAE17EED28E00C67F2C /* SystemConfiguration.framework in Frameworks */ = {isa = PBXBuildFile; fileRef = C3437EAD17EED28D00C67F2C /* SystemConfiguration.framework */; };
		C3437EB017EED29700C67F2C /* AssetsLibrary.framework in Frameworks */ = {isa = PBXBuildFile; fileRef = C3437EAF17EED29700C67F2C /* AssetsLibrary.framework */; };
		C3437EB217EED29E00C67F2C /* AVFoundation.framework in Frameworks */ = {isa = PBXBuildFile; fileRef = C3437EB117EED29E00C67F2C /* AVFoundation.framework */; };
		C3437EB417EED2C000C67F2C /* CoreMedia.framework in Frameworks */ = {isa = PBXBuildFile; fileRef = C3437EB317EED2C000C67F2C /* CoreMedia.framework */; };
		C3437EB617EED2C800C67F2C /* MediaPlayer.framework in Frameworks */ = {isa = PBXBuildFile; fileRef = C3437EB517EED2C800C67F2C /* MediaPlayer.framework */; };
		C3437EB817EED2E300C67F2C /* AudioToolbox.framework in Frameworks */ = {isa = PBXBuildFile; fileRef = C3437EB717EED2E300C67F2C /* AudioToolbox.framework */; };
		C3437EBB17EED30C00C67F2C /* ViewController.m in Sources */ = {isa = PBXBuildFile; fileRef = C3437EBA17EED30C00C67F2C /* ViewController.m */; };
		C3437EBD17EED32900C67F2C /* ViewController.xib in Resources */ = {isa = PBXBuildFile; fileRef = C3437EBC17EED32900C67F2C /* ViewController.xib */; };
		C3437EC017EED33500C67F2C /* DeviceDetailViewController.m in Sources */ = {isa = PBXBuildFile; fileRef = C3437EBF17EED33500C67F2C /* DeviceDetailViewController.m */; };
		C3437ECE17EED99D00C67F2C /* AlarmPlayer.m in Sources */ = {isa = PBXBuildFile; fileRef = C3437EC317EED99D00C67F2C /* AlarmPlayer.m */; };
		C3437ECF17EED99D00C67F2C /* AudioRecordUtility.m in Sources */ = {isa = PBXBuildFile; fileRef = C3437EC517EED99D00C67F2C /* AudioRecordUtility.m */; };
		C3437ED017EED99D00C67F2C /* MonitorTelephoneStatus.m in Sources */ = {isa = PBXBuildFile; fileRef = C3437EC717EED99D00C67F2C /* MonitorTelephoneStatus.m */; };
		C3437ED117EED99D00C67F2C /* PhotoManager.m in Sources */ = {isa = PBXBuildFile; fileRef = C3437EC917EED99D00C67F2C /* PhotoManager.m */; };
		C3437ED217EED99D00C67F2C /* VAudioHelper.m in Sources */ = {isa = PBXBuildFile; fileRef = C3437ECB17EED99D00C67F2C /* VAudioHelper.m */; };
		C3437ED317EED99D00C67F2C /* WifiInfoHelper.m in Sources */ = {isa = PBXBuildFile; fileRef = C3437ECD17EED99D00C67F2C /* WifiInfoHelper.m */; };
		C37AE39C17F195760026ADA2 /* Main_Icon_Kid_H.png in Resources */ = {isa = PBXBuildFile; fileRef = C37AE39A17F195700026ADA2 /* Main_Icon_Kid_H.png */; };
		C37AE39D17F195760026ADA2 /* Main_Icon_Kid_N.png in Resources */ = {isa = PBXBuildFile; fileRef = C37AE39B17F195720026ADA2 /* Main_Icon_Kid_N.png */; };
		C37AE3A617F196510026ADA2 /* Main_Frame_Bag_H.png in Resources */ = {isa = PBXBuildFile; fileRef = C37AE39E17F196360026ADA2 /* Main_Frame_Bag_H.png */; };
		C37AE3A717F196510026ADA2 /* Main_Frame_Bag_N.png in Resources */ = {isa = PBXBuildFile; fileRef = C37AE39F17F196390026ADA2 /* Main_Frame_Bag_N.png */; };
		C37AE3A817F196510026ADA2 /* Main_Frame_Key_H.png in Resources */ = {isa = PBXBuildFile; fileRef = C37AE3A017F1963B0026ADA2 /* Main_Frame_Key_H.png */; };
		C37AE3A917F196510026ADA2 /* Main_Frame_Key_N.png in Resources */ = {isa = PBXBuildFile; fileRef = C37AE3A117F1963E0026ADA2 /* Main_Frame_Key_N.png */; };
		C37AE3AC17F196510026ADA2 /* Main_Frame_Wallet_H.png in Resources */ = {isa = PBXBuildFile; fileRef = C37AE3A417F196470026ADA2 /* Main_Frame_Wallet_H.png */; };
		C37AE3AD17F196510026ADA2 /* Main_Frame_Wallet_N.png in Resources */ = {isa = PBXBuildFile; fileRef = C37AE3A517F1964E0026ADA2 /* Main_Frame_Wallet_N.png */; };
		C37AE3B617F196B80026ADA2 /* Main_Frame_Bag_H@2x.png in Resources */ = {isa = PBXBuildFile; fileRef = C37AE3AE17F1969F0026ADA2 /* Main_Frame_Bag_H@2x.png */; };
		C37AE3B717F196B80026ADA2 /* Main_Frame_Bag_N@2x.png in Resources */ = {isa = PBXBuildFile; fileRef = C37AE3AF17F196A10026ADA2 /* Main_Frame_Bag_N@2x.png */; };
		C37AE3B817F196B80026ADA2 /* Main_Frame_Key_H@2x.png in Resources */ = {isa = PBXBuildFile; fileRef = C37AE3B017F196A40026ADA2 /* Main_Frame_Key_H@2x.png */; };
		C37AE3B917F196B80026ADA2 /* Main_Frame_Key_N@2x.png in Resources */ = {isa = PBXBuildFile; fileRef = C37AE3B117F196A70026ADA2 /* Main_Frame_Key_N@2x.png */; };
		C37AE3BA17F196B80026ADA2 /* Main_Frame_Kid_N@2x.png in Resources */ = {isa = PBXBuildFile; fileRef = C37AE3B217F196A90026ADA2 /* Main_Frame_Kid_N@2x.png */; };
		C37AE3BB17F196B80026ADA2 /* Main_Frame_Kid_H@2x.png in Resources */ = {isa = PBXBuildFile; fileRef = C37AE3B317F196AB0026ADA2 /* Main_Frame_Kid_H@2x.png */; };
		C37AE3BC17F196B80026ADA2 /* Main_Frame_Wallet_H@2x.png in Resources */ = {isa = PBXBuildFile; fileRef = C37AE3B417F196B10026ADA2 /* Main_Frame_Wallet_H@2x.png */; };
		C37AE3BD17F196B80026ADA2 /* Main_Frame_Wallet_N@2x.png in Resources */ = {isa = PBXBuildFile; fileRef = C37AE3B517F196B50026ADA2 /* Main_Frame_Wallet_N@2x.png */; };
		C37C5DDE17EBF30E00FCE5AE /* CRootViewController.m in Sources */ = {isa = PBXBuildFile; fileRef = C37C5DDD17EBF30E00FCE5AE /* CRootViewController.m */; };
		C37F4A4F17F474A500DC23AA /* Settings_Btn_Back.png in Resources */ = {isa = PBXBuildFile; fileRef = C37F4A4D17F474A400DC23AA /* Settings_Btn_Back.png */; };
		C37F4A5017F474A500DC23AA /* Settings_Btn_Confirm.png in Resources */ = {isa = PBXBuildFile; fileRef = C37F4A4E17F474A400DC23AA /* Settings_Btn_Confirm.png */; };
		C37F4A5317F474C300DC23AA /* Settings_Btn_Back@2x.png in Resources */ = {isa = PBXBuildFile; fileRef = C37F4A5117F474C300DC23AA /* Settings_Btn_Back@2x.png */; };
		C37F4A5417F474C300DC23AA /* Settings_Btn_Confirm@2x.png in Resources */ = {isa = PBXBuildFile; fileRef = C37F4A5217F474C300DC23AA /* Settings_Btn_Confirm@2x.png */; };
		C37F4A5717F48D0200DC23AA /* MusicTableViewController.m in Sources */ = {isa = PBXBuildFile; fileRef = C37F4A5617F48D0200DC23AA /* MusicTableViewController.m */; };
		C37F4A5917F48D9C00DC23AA /* Settings_Frame.png in Resources */ = {isa = PBXBuildFile; fileRef = C37F4A5817F48D9C00DC23AA /* Settings_Frame.png */; };
		C37F4A5B17F48DA800DC23AA /* Settings_Frame@2x.png in Resources */ = {isa = PBXBuildFile; fileRef = C37F4A5A17F48DA800DC23AA /* Settings_Frame@2x.png */; };
		C3810B3317EDD06A006A180D /* CoreTelephony.framework in Frameworks */ = {isa = PBXBuildFile; fileRef = C3810B3217EDD06A006A180D /* CoreTelephony.framework */; };
		C382631017EF501C00D66B77 /* CScanViewController.m in Sources */ = {isa = PBXBuildFile; fileRef = C382630F17EF501B00D66B77 /* CScanViewController.m */; };
		C382631417EF596300D66B77 /* Localizable.strings in Resources */ = {isa = PBXBuildFile; fileRef = C382631317EF596300D66B77 /* Localizable.strings */; };
		C382631717EF5ACF00D66B77 /* CBLEButton.m in Sources */ = {isa = PBXBuildFile; fileRef = C382631617EF5ACE00D66B77 /* CBLEButton.m */; };
		C3840B8C17E9D1E60049FDE5 /* UIKit.framework in Frameworks */ = {isa = PBXBuildFile; fileRef = C3840B8B17E9D1E60049FDE5 /* UIKit.framework */; };
		C3840B8E17E9D1E60049FDE5 /* Foundation.framework in Frameworks */ = {isa = PBXBuildFile; fileRef = C3840B8D17E9D1E60049FDE5 /* Foundation.framework */; };
		C3840B9017E9D1E60049FDE5 /* CoreGraphics.framework in Frameworks */ = {isa = PBXBuildFile; fileRef = C3840B8F17E9D1E60049FDE5 /* CoreGraphics.framework */; };
		C3840B9617E9D1E60049FDE5 /* InfoPlist.strings in Resources */ = {isa = PBXBuildFile; fileRef = C3840B9417E9D1E60049FDE5 /* InfoPlist.strings */; };
		C3840B9817E9D1E60049FDE5 /* main.m in Sources */ = {isa = PBXBuildFile; fileRef = C3840B9717E9D1E60049FDE5 /* main.m */; };
		C3840B9C17E9D1E60049FDE5 /* CAppDelegate.m in Sources */ = {isa = PBXBuildFile; fileRef = C3840B9B17E9D1E60049FDE5 /* CAppDelegate.m */; };
		C3840B9E17E9D1E60049FDE5 /* Default.png in Resources */ = {isa = PBXBuildFile; fileRef = C3840B9D17E9D1E60049FDE5 /* Default.png */; };
		C3840BA017E9D1E60049FDE5 /* Default@2x.png in Resources */ = {isa = PBXBuildFile; fileRef = C3840B9F17E9D1E60049FDE5 /* Default@2x.png */; };
		C3840BA217E9D1E60049FDE5 /* Default-568h@2x.png in Resources */ = {isa = PBXBuildFile; fileRef = C3840BA117E9D1E60049FDE5 /* Default-568h@2x.png */; };
		C3840BA517E9D1E60049FDE5 /* CViewController.m in Sources */ = {isa = PBXBuildFile; fileRef = C3840BA417E9D1E60049FDE5 /* CViewController.m */; };
		C3840BA817E9D1E60049FDE5 /* CViewController.xib in Resources */ = {isa = PBXBuildFile; fileRef = C3840BA617E9D1E60049FDE5 /* CViewController.xib */; };
		C3840BB617EA9A890049FDE5 /* CBLEManager.m in Sources */ = {isa = PBXBuildFile; fileRef = C3840BB517EA9A890049FDE5 /* CBLEManager.m */; };
		C3840BB817EAA6BE0049FDE5 /* CoreBluetooth.framework in Frameworks */ = {isa = PBXBuildFile; fileRef = C3840BB717EAA6BE0049FDE5 /* CoreBluetooth.framework */; };
		C3840BBC17EABCA40049FDE5 /* CBLEPeriphral.m in Sources */ = {isa = PBXBuildFile; fileRef = C3840BBB17EABCA40049FDE5 /* CBLEPeriphral.m */; };
		C3840BBF17EAE8580049FDE5 /* CUtilsFunc.m in Sources */ = {isa = PBXBuildFile; fileRef = C3840BBE17EAE8580049FDE5 /* CUtilsFunc.m */; };
		C385AEFA17F13DE6001DBCF0 /* CDataSource.m in Sources */ = {isa = PBXBuildFile; fileRef = C385AEF917F13DE6001DBCF0 /* CDataSource.m */; };
/* End PBXBuildFile section */

/* Begin PBXFileReference section */
		4E040DB017F053DB00C1E6A3 /* FMDatabase.h */ = {isa = PBXFileReference; fileEncoding = 4; lastKnownFileType = sourcecode.c.h; path = FMDatabase.h; sourceTree = "<group>"; };
		4E040DB117F053DB00C1E6A3 /* FMDatabase.m */ = {isa = PBXFileReference; fileEncoding = 4; lastKnownFileType = sourcecode.c.objc; path = FMDatabase.m; sourceTree = "<group>"; };
		4E040DB217F053DB00C1E6A3 /* FMDatabaseAdditions.h */ = {isa = PBXFileReference; fileEncoding = 4; lastKnownFileType = sourcecode.c.h; path = FMDatabaseAdditions.h; sourceTree = "<group>"; };
		4E040DB317F053DB00C1E6A3 /* FMDatabaseAdditions.m */ = {isa = PBXFileReference; fileEncoding = 4; lastKnownFileType = sourcecode.c.objc; path = FMDatabaseAdditions.m; sourceTree = "<group>"; };
		4E040DB417F053DB00C1E6A3 /* FMDatabasePool.h */ = {isa = PBXFileReference; fileEncoding = 4; lastKnownFileType = sourcecode.c.h; path = FMDatabasePool.h; sourceTree = "<group>"; };
		4E040DB517F053DB00C1E6A3 /* FMDatabasePool.m */ = {isa = PBXFileReference; fileEncoding = 4; lastKnownFileType = sourcecode.c.objc; path = FMDatabasePool.m; sourceTree = "<group>"; };
		4E040DB617F053DB00C1E6A3 /* FMDatabaseQueue.h */ = {isa = PBXFileReference; fileEncoding = 4; lastKnownFileType = sourcecode.c.h; path = FMDatabaseQueue.h; sourceTree = "<group>"; };
		4E040DB717F053DB00C1E6A3 /* FMDatabaseQueue.m */ = {isa = PBXFileReference; fileEncoding = 4; lastKnownFileType = sourcecode.c.objc; path = FMDatabaseQueue.m; sourceTree = "<group>"; };
		4E040DB817F053DB00C1E6A3 /* FMResultSet.h */ = {isa = PBXFileReference; fileEncoding = 4; lastKnownFileType = sourcecode.c.h; path = FMResultSet.h; sourceTree = "<group>"; };
		4E040DB917F053DB00C1E6A3 /* FMResultSet.m */ = {isa = PBXFileReference; fileEncoding = 4; lastKnownFileType = sourcecode.c.objc; path = FMResultSet.m; sourceTree = "<group>"; };
		4E040DBF17F053E700C1E6A3 /* libsqlite3.0.dylib */ = {isa = PBXFileReference; lastKnownFileType = "compiled.mach-o.dylib"; name = libsqlite3.0.dylib; path = usr/lib/libsqlite3.0.dylib; sourceTree = SDKROOT; };
		4E040DC417F0748900C1E6A3 /* SQLManager.h */ = {isa = PBXFileReference; fileEncoding = 4; lastKnownFileType = sourcecode.c.h; path = SQLManager.h; sourceTree = "<group>"; };
		4E040DC517F0748900C1E6A3 /* SQLManager.m */ = {isa = PBXFileReference; fileEncoding = 4; lastKnownFileType = sourcecode.c.objc; path = SQLManager.m; sourceTree = "<group>"; };
		4E040DC717F0822C00C1E6A3 /* SBTableAlert.h */ = {isa = PBXFileReference; fileEncoding = 4; lastKnownFileType = sourcecode.c.h; path = SBTableAlert.h; sourceTree = "<group>"; };
		4E040DC817F0822C00C1E6A3 /* SBTableAlert.m */ = {isa = PBXFileReference; fileEncoding = 4; lastKnownFileType = sourcecode.c.objc; path = SBTableAlert.m; sourceTree = "<group>"; };
		4E040DCA17F1309E00C1E6A3 /* OrderType.h */ = {isa = PBXFileReference; lastKnownFileType = sourcecode.c.h; path = OrderType.h; sourceTree = "<group>"; };
		4E040DCD17F1362200C1E6A3 /* Alchemy.MP3 */ = {isa = PBXFileReference; lastKnownFileType = audio.mp3; path = Alchemy.MP3; sourceTree = "<group>"; };
		4E040DCE17F1362200C1E6A3 /* AudibleAlarm.MP3 */ = {isa = PBXFileReference; lastKnownFileType = audio.mp3; path = AudibleAlarm.MP3; sourceTree = "<group>"; };
		4E040DCF17F1362200C1E6A3 /* Bird.MP3 */ = {isa = PBXFileReference; lastKnownFileType = audio.mp3; path = Bird.MP3; sourceTree = "<group>"; };
		4E040DD017F1362200C1E6A3 /* CS.MP3 */ = {isa = PBXFileReference; lastKnownFileType = audio.mp3; path = CS.MP3; sourceTree = "<group>"; };
		4E040DD117F1362200C1E6A3 /* Ericsson ring.MP3 */ = {isa = PBXFileReference; lastKnownFileType = audio.mp3; path = "Ericsson ring.MP3"; sourceTree = "<group>"; };
		4E040DD217F1362200C1E6A3 /* Howl.MP3 */ = {isa = PBXFileReference; lastKnownFileType = audio.mp3; path = Howl.MP3; sourceTree = "<group>"; };
		4E040DD317F1362200C1E6A3 /* ICQ sms sound.MP3 */ = {isa = PBXFileReference; lastKnownFileType = audio.mp3; path = "ICQ sms sound.MP3"; sourceTree = "<group>"; };
		4E040DD417F1362200C1E6A3 /* Jumping Cat.MP3 */ = {isa = PBXFileReference; lastKnownFileType = audio.mp3; path = "Jumping Cat.MP3"; sourceTree = "<group>"; };
		4E040DD517F1362200C1E6A3 /* Laughter.MP3 */ = {isa = PBXFileReference; lastKnownFileType = audio.mp3; path = Laughter.MP3; sourceTree = "<group>"; };
		4E040DD617F1362200C1E6A3 /* Sent.MP3 */ = {isa = PBXFileReference; lastKnownFileType = audio.mp3; path = Sent.MP3; sourceTree = "<group>"; };
		4E040DD717F1362200C1E6A3 /* Siren.MP3 */ = {isa = PBXFileReference; lastKnownFileType = audio.mp3; path = Siren.MP3; sourceTree = "<group>"; };
		4E0943AA17F2B39200384362 /* CustomiseActionSheet.h */ = {isa = PBXFileReference; fileEncoding = 4; lastKnownFileType = sourcecode.c.h; path = CustomiseActionSheet.h; sourceTree = "<group>"; };
		4E0943AB17F2B39200384362 /* CustomiseActionSheet.m */ = {isa = PBXFileReference; fileEncoding = 4; lastKnownFileType = sourcecode.c.objc; path = CustomiseActionSheet.m; sourceTree = "<group>"; };
		4E0F312617EF3CD8006FC754 /* Main_Bg.png */ = {isa = PBXFileReference; lastKnownFileType = image.png; path = Main_Bg.png; sourceTree = "<group>"; };
		4E0F312717EF3CD8006FC754 /* Main_Bt_Find.png */ = {isa = PBXFileReference; lastKnownFileType = image.png; path = Main_Bt_Find.png; sourceTree = "<group>"; };
		4E0F312817EF3CD8006FC754 /* Main_Bt_Help.png */ = {isa = PBXFileReference; lastKnownFileType = image.png; path = Main_Bt_Help.png; sourceTree = "<group>"; };
		4E0F312917EF3CD8006FC754 /* Main_Bt_Remote.png */ = {isa = PBXFileReference; lastKnownFileType = image.png; path = "Main_Bt_Remote.png"; sourceTree = "<group>"; };
		4E0F312A17EF3CD8006FC754 /* Main_Icon_Bag_H.png */ = {isa = PBXFileReference; lastKnownFileType = image.png; path = Main_Icon_Bag_H.png; sourceTree = "<group>"; };
		4E0F312B17EF3CD8006FC754 /* Main_Icon_Bag_N.png */ = {isa = PBXFileReference; lastKnownFileType = image.png; path = "Main_Icon_Bag_N.png"; sourceTree = "<group>"; };
		4E0F312C17EF3CD8006FC754 /* Main_Icon_Key_H.png */ = {isa = PBXFileReference; lastKnownFileType = image.png; path = Main_Icon_Key_H.png; sourceTree = "<group>"; };
		4E0F312D17EF3CD8006FC754 /* Main_Icon_Key_N.png */ = {isa = PBXFileReference; lastKnownFileType = image.png; path = Main_Icon_Key_N.png; sourceTree = "<group>"; };
		4E0F313017EF3CD8006FC754 /* Main_Icon_Wallet_H.png */ = {isa = PBXFileReference; lastKnownFileType = image.png; path = Main_Icon_Wallet_H.png; sourceTree = "<group>"; };
		4E0F313117EF3CD8006FC754 /* Main_Icon_Wallet_N.png */ = {isa = PBXFileReference; lastKnownFileType = image.png; path = Main_Icon_Wallet_N.png; sourceTree = "<group>"; };
		4E0F313217EF3CD8006FC754 /* Main_TopBar.png */ = {isa = PBXFileReference; lastKnownFileType = image.png; path = Main_TopBar.png; sourceTree = "<group>"; };
		4E0F313317EF3CD8006FC754 /* Settings_Bg.png */ = {isa = PBXFileReference; lastKnownFileType = image.png; path = "Settings_Bg.png"; sourceTree = "<group>"; };
		4E0F313417EF3CD8006FC754 /* Settings_Bt_01.png */ = {isa = PBXFileReference; lastKnownFileType = image.png; path = "Settings_Bt_01.png"; sourceTree = "<group>"; };
		4E0F313517EF3CD8006FC754 /* Settings_Bt_02.png */ = {isa = PBXFileReference; lastKnownFileType = image.png; path = "Settings_Bt_02.png"; sourceTree = "<group>"; };
		4E0F313617EF3CD8006FC754 /* Settings_Bt_03.png */ = {isa = PBXFileReference; lastKnownFileType = image.png; path = Settings_Bt_03.png; sourceTree = "<group>"; };
		4E0F313717EF3CD8006FC754 /* Settings_Icon_Bag.png */ = {isa = PBXFileReference; lastKnownFileType = image.png; path = Settings_Icon_Bag.png; sourceTree = "<group>"; };
		4E0F313817EF3CD8006FC754 /* Settings_Icon_Battery.png */ = {isa = PBXFileReference; lastKnownFileType = image.png; path = Settings_Icon_Battery.png; sourceTree = "<group>"; };
		4E0F313917EF3CD8006FC754 /* Settings_Icon_Key.png */ = {isa = PBXFileReference; lastKnownFileType = image.png; path = Settings_Icon_Key.png; sourceTree = "<group>"; };
		4E0F313A17EF3CD8006FC754 /* Settings_Icon_Kid.png */ = {isa = PBXFileReference; lastKnownFileType = image.png; path = Settings_Icon_Kid.png; sourceTree = "<group>"; };
		4E0F313B17EF3CD8006FC754 /* Settings_Icon_Scope.png */ = {isa = PBXFileReference; lastKnownFileType = image.png; path = "Settings_Icon_Scope.png"; sourceTree = "<group>"; };
		4E0F313C17EF3CD8006FC754 /* Settings_Icon_Sinal.png */ = {isa = PBXFileReference; lastKnownFileType = image.png; path = Settings_Icon_Sinal.png; sourceTree = "<group>"; };
		4E0F313D17EF3CD8006FC754 /* Settings_Icon_Wallet.png */ = {isa = PBXFileReference; lastKnownFileType = image.png; path = Settings_Icon_Wallet.png; sourceTree = "<group>"; };
		4E0F315617EF3CE1006FC754 /* Main_Bg@2x.png */ = {isa = PBXFileReference; lastKnownFileType = image.png; path = "Main_Bg@2x.png"; sourceTree = "<group>"; };
		4E0F315717EF3CE1006FC754 /* Main_Bt_Find@2x.png */ = {isa = PBXFileReference; lastKnownFileType = image.png; path = "Main_Bt_Find@2x.png"; sourceTree = "<group>"; };
		4E0F315817EF3CE1006FC754 /* Main_Bt_Help@2x.png */ = {isa = PBXFileReference; lastKnownFileType = image.png; path = "Main_Bt_Help@2x.png"; sourceTree = "<group>"; };
		4E0F315917EF3CE1006FC754 /* Main_Bt_Remote@2x.png */ = {isa = PBXFileReference; lastKnownFileType = image.png; path = "Main_Bt_Remote@2x.png"; sourceTree = "<group>"; };
		4E0F315A17EF3CE1006FC754 /* Main_Icon_Bag_H@2x.png */ = {isa = PBXFileReference; lastKnownFileType = image.png; path = "Main_Icon_Bag_H@2x.png"; sourceTree = "<group>"; };
		4E0F315B17EF3CE1006FC754 /* Main_Icon_Bag_N@2x.png */ = {isa = PBXFileReference; lastKnownFileType = image.png; path = "Main_Icon_Bag_N@2x.png"; sourceTree = "<group>"; };
		4E0F315C17EF3CE1006FC754 /* Main_Icon_Key_H@2x.png */ = {isa = PBXFileReference; lastKnownFileType = image.png; path = "Main_Icon_Key_H@2x.png"; sourceTree = "<group>"; };
		4E0F315D17EF3CE1006FC754 /* Main_Icon_Key_N@2x.png */ = {isa = PBXFileReference; lastKnownFileType = image.png; path = "Main_Icon_Key_N@2x.png"; sourceTree = "<group>"; };
		4E0F315E17EF3CE1006FC754 /* Main_Icon_Kid_N@2x.png */ = {isa = PBXFileReference; lastKnownFileType = image.png; path = "Main_Icon_Kid_N@2x.png"; sourceTree = "<group>"; };
		4E0F315F17EF3CE1006FC754 /* Main_Icon_Kid_H@2x.png */ = {isa = PBXFileReference; lastKnownFileType = image.png; path = "Main_Icon_Kid_H@2x.png"; sourceTree = "<group>"; };
		4E0F316017EF3CE1006FC754 /* Main_Icon_Wallet_H@2x.png */ = {isa = PBXFileReference; lastKnownFileType = image.png; path = "Main_Icon_Wallet_H@2x.png"; sourceTree = "<group>"; };
		4E0F316117EF3CE1006FC754 /* Main_Icon_Wallet_N@2x.png */ = {isa = PBXFileReference; lastKnownFileType = image.png; path = "Main_Icon_Wallet_N@2x.png"; sourceTree = "<group>"; };
		4E0F316217EF3CE1006FC754 /* Main_TopBar@2x.png */ = {isa = PBXFileReference; lastKnownFileType = image.png; path = "Main_TopBar@2x.png"; sourceTree = "<group>"; };
		4E0F316317EF3CE1006FC754 /* Settings_Bg@2x.png */ = {isa = PBXFileReference; lastKnownFileType = image.png; path = "Settings_Bg@2x.png"; sourceTree = "<group>"; };
		4E0F316417EF3CE1006FC754 /* Settings_Bt_01@2x.png */ = {isa = PBXFileReference; lastKnownFileType = image.png; path = "Settings_Bt_01@2x.png"; sourceTree = "<group>"; };
		4E0F316517EF3CE1006FC754 /* Settings_Bt_02@2x.png */ = {isa = PBXFileReference; lastKnownFileType = image.png; path = "Settings_Bt_02@2x.png"; sourceTree = "<group>"; };
		4E0F316617EF3CE1006FC754 /* Settings_Bt_03@2x.png */ = {isa = PBXFileReference; lastKnownFileType = image.png; path = "Settings_Bt_03@2x.png"; sourceTree = "<group>"; };
		4E0F316717EF3CE1006FC754 /* Settings_Icon_Bag@2x.png */ = {isa = PBXFileReference; lastKnownFileType = image.png; path = "Settings_Icon_Bag@2x.png"; sourceTree = "<group>"; };
		4E0F316817EF3CE1006FC754 /* Settings_Icon_Battery@2x.png */ = {isa = PBXFileReference; lastKnownFileType = image.png; path = "Settings_Icon_Battery@2x.png"; sourceTree = "<group>"; };
		4E0F316917EF3CE1006FC754 /* Settings_Icon_Key@2x.png */ = {isa = PBXFileReference; lastKnownFileType = image.png; path = "Settings_Icon_Key@2x.png"; sourceTree = "<group>"; };
		4E0F316A17EF3CE1006FC754 /* Settings_Icon_Kid@2x.png */ = {isa = PBXFileReference; lastKnownFileType = image.png; path = "Settings_Icon_Kid@2x.png"; sourceTree = "<group>"; };
		4E0F316B17EF3CE1006FC754 /* Settings_Icon_Scope@2x.png */ = {isa = PBXFileReference; lastKnownFileType = image.png; path = "Settings_Icon_Scope@2x.png"; sourceTree = "<group>"; };
		4E0F316C17EF3CE1006FC754 /* Settings_Icon_Sinal@2x.png */ = {isa = PBXFileReference; lastKnownFileType = image.png; path = "Settings_Icon_Sinal@2x.png"; sourceTree = "<group>"; };
		4E0F316D17EF3CE1006FC754 /* Settings_Icon_Wallet@2x.png */ = {isa = PBXFileReference; lastKnownFileType = image.png; path = "Settings_Icon_Wallet@2x.png"; sourceTree = "<group>"; };
		4E178F0517F46DF4007D5652 /* MusicViewController.h */ = {isa = PBXFileReference; fileEncoding = 4; lastKnownFileType = sourcecode.c.h; path = MusicViewController.h; sourceTree = "<group>"; };
		4E178F0617F46DF4007D5652 /* MusicViewController.m */ = {isa = PBXFileReference; fileEncoding = 4; lastKnownFileType = sourcecode.c.objc; path = MusicViewController.m; sourceTree = "<group>"; };
		C342179917F1D6E700B42F5E /* Main_Frame_Kid_H.png */ = {isa = PBXFileReference; lastKnownFileType = image.png; path = Main_Frame_Kid_H.png; sourceTree = "<group>"; };
		C342179A17F1D6E700B42F5E /* Main_Frame_Kid_N.png */ = {isa = PBXFileReference; lastKnownFileType = image.png; path = Main_Frame_Kid_N.png; sourceTree = "<group>"; };
		C3437EA117EED22300C67F2C /* FPPopoverController.h */ = {isa = PBXFileReference; fileEncoding = 4; lastKnownFileType = sourcecode.c.h; path = FPPopoverController.h; sourceTree = "<group>"; };
		C3437EA217EED22300C67F2C /* FPPopoverController.m */ = {isa = PBXFileReference; fileEncoding = 4; lastKnownFileType = sourcecode.c.objc; path = FPPopoverController.m; sourceTree = "<group>"; };
		C3437EA317EED22300C67F2C /* FPPopoverView.h */ = {isa = PBXFileReference; fileEncoding = 4; lastKnownFileType = sourcecode.c.h; path = FPPopoverView.h; sourceTree = "<group>"; };
		C3437EA417EED22300C67F2C /* FPPopoverView.m */ = {isa = PBXFileReference; fileEncoding = 4; lastKnownFileType = sourcecode.c.objc; path = FPPopoverView.m; sourceTree = "<group>"; };
		C3437EA517EED22300C67F2C /* FPTouchView.h */ = {isa = PBXFileReference; fileEncoding = 4; lastKnownFileType = sourcecode.c.h; path = FPTouchView.h; sourceTree = "<group>"; };
		C3437EA617EED22300C67F2C /* FPTouchView.m */ = {isa = PBXFileReference; fileEncoding = 4; lastKnownFileType = sourcecode.c.objc; path = FPTouchView.m; sourceTree = "<group>"; };
		C3437EA717EED22300C67F2C /* PopUpTableViewController.h */ = {isa = PBXFileReference; fileEncoding = 4; lastKnownFileType = sourcecode.c.h; path = PopUpTableViewController.h; sourceTree = "<group>"; };
		C3437EA817EED22300C67F2C /* PopUpTableViewController.m */ = {isa = PBXFileReference; fileEncoding = 4; lastKnownFileType = sourcecode.c.objc; path = PopUpTableViewController.m; sourceTree = "<group>"; };
		C3437EAD17EED28D00C67F2C /* SystemConfiguration.framework */ = {isa = PBXFileReference; lastKnownFileType = wrapper.framework; name = SystemConfiguration.framework; path = System/Library/Frameworks/SystemConfiguration.framework; sourceTree = SDKROOT; };
		C3437EAF17EED29700C67F2C /* AssetsLibrary.framework */ = {isa = PBXFileReference; lastKnownFileType = wrapper.framework; name = AssetsLibrary.framework; path = System/Library/Frameworks/AssetsLibrary.framework; sourceTree = SDKROOT; };
		C3437EB117EED29E00C67F2C /* AVFoundation.framework */ = {isa = PBXFileReference; lastKnownFileType = wrapper.framework; name = AVFoundation.framework; path = System/Library/Frameworks/AVFoundation.framework; sourceTree = SDKROOT; };
		C3437EB317EED2C000C67F2C /* CoreMedia.framework */ = {isa = PBXFileReference; lastKnownFileType = wrapper.framework; name = CoreMedia.framework; path = System/Library/Frameworks/CoreMedia.framework; sourceTree = SDKROOT; };
		C3437EB517EED2C800C67F2C /* MediaPlayer.framework */ = {isa = PBXFileReference; lastKnownFileType = wrapper.framework; name = MediaPlayer.framework; path = System/Library/Frameworks/MediaPlayer.framework; sourceTree = SDKROOT; };
		C3437EB717EED2E300C67F2C /* AudioToolbox.framework */ = {isa = PBXFileReference; lastKnownFileType = wrapper.framework; name = AudioToolbox.framework; path = System/Library/Frameworks/AudioToolbox.framework; sourceTree = SDKROOT; };
		C3437EB917EED30C00C67F2C /* ViewController.h */ = {isa = PBXFileReference; fileEncoding = 4; lastKnownFileType = sourcecode.c.h; path = ViewController.h; sourceTree = "<group>"; };
		C3437EBA17EED30C00C67F2C /* ViewController.m */ = {isa = PBXFileReference; fileEncoding = 4; lastKnownFileType = sourcecode.c.objc; path = ViewController.m; sourceTree = "<group>"; };
		C3437EBC17EED32900C67F2C /* ViewController.xib */ = {isa = PBXFileReference; fileEncoding = 4; lastKnownFileType = file.xib; path = ViewController.xib; sourceTree = "<group>"; };
		C3437EBE17EED33500C67F2C /* DeviceDetailViewController.h */ = {isa = PBXFileReference; fileEncoding = 4; lastKnownFileType = sourcecode.c.h; path = DeviceDetailViewController.h; sourceTree = "<group>"; };
		C3437EBF17EED33500C67F2C /* DeviceDetailViewController.m */ = {isa = PBXFileReference; fileEncoding = 4; lastKnownFileType = sourcecode.c.objc; path = DeviceDetailViewController.m; sourceTree = "<group>"; };
		C3437EC217EED99D00C67F2C /* AlarmPlayer.h */ = {isa = PBXFileReference; fileEncoding = 4; lastKnownFileType = sourcecode.c.h; path = AlarmPlayer.h; sourceTree = "<group>"; };
		C3437EC317EED99D00C67F2C /* AlarmPlayer.m */ = {isa = PBXFileReference; fileEncoding = 4; lastKnownFileType = sourcecode.c.objc; path = AlarmPlayer.m; sourceTree = "<group>"; };
		C3437EC417EED99D00C67F2C /* AudioRecordUtility.h */ = {isa = PBXFileReference; fileEncoding = 4; lastKnownFileType = sourcecode.c.h; path = AudioRecordUtility.h; sourceTree = "<group>"; };
		C3437EC517EED99D00C67F2C /* AudioRecordUtility.m */ = {isa = PBXFileReference; fileEncoding = 4; lastKnownFileType = sourcecode.c.objc; path = AudioRecordUtility.m; sourceTree = "<group>"; };
		C3437EC617EED99D00C67F2C /* MonitorTelephoneStatus.h */ = {isa = PBXFileReference; fileEncoding = 4; lastKnownFileType = sourcecode.c.h; path = MonitorTelephoneStatus.h; sourceTree = "<group>"; };
		C3437EC717EED99D00C67F2C /* MonitorTelephoneStatus.m */ = {isa = PBXFileReference; fileEncoding = 4; lastKnownFileType = sourcecode.c.objc; path = MonitorTelephoneStatus.m; sourceTree = "<group>"; };
		C3437EC817EED99D00C67F2C /* PhotoManager.h */ = {isa = PBXFileReference; fileEncoding = 4; lastKnownFileType = sourcecode.c.h; path = PhotoManager.h; sourceTree = "<group>"; };
		C3437EC917EED99D00C67F2C /* PhotoManager.m */ = {isa = PBXFileReference; fileEncoding = 4; lastKnownFileType = sourcecode.c.objc; path = PhotoManager.m; sourceTree = "<group>"; };
		C3437ECA17EED99D00C67F2C /* VAudioHelper.h */ = {isa = PBXFileReference; fileEncoding = 4; lastKnownFileType = sourcecode.c.h; path = VAudioHelper.h; sourceTree = "<group>"; };
		C3437ECB17EED99D00C67F2C /* VAudioHelper.m */ = {isa = PBXFileReference; fileEncoding = 4; lastKnownFileType = sourcecode.c.objc; path = VAudioHelper.m; sourceTree = "<group>"; };
		C3437ECC17EED99D00C67F2C /* WifiInfoHelper.h */ = {isa = PBXFileReference; fileEncoding = 4; lastKnownFileType = sourcecode.c.h; path = WifiInfoHelper.h; sourceTree = "<group>"; };
		C3437ECD17EED99D00C67F2C /* WifiInfoHelper.m */ = {isa = PBXFileReference; fileEncoding = 4; lastKnownFileType = sourcecode.c.objc; path = WifiInfoHelper.m; sourceTree = "<group>"; };
		C37AE39A17F195700026ADA2 /* Main_Icon_Kid_H.png */ = {isa = PBXFileReference; lastKnownFileType = image.png; path = Main_Icon_Kid_H.png; sourceTree = "<group>"; };
		C37AE39B17F195720026ADA2 /* Main_Icon_Kid_N.png */ = {isa = PBXFileReference; lastKnownFileType = image.png; path = Main_Icon_Kid_N.png; sourceTree = "<group>"; };
		C37AE39E17F196360026ADA2 /* Main_Frame_Bag_H.png */ = {isa = PBXFileReference; lastKnownFileType = image.png; path = Main_Frame_Bag_H.png; sourceTree = "<group>"; };
		C37AE39F17F196390026ADA2 /* Main_Frame_Bag_N.png */ = {isa = PBXFileReference; lastKnownFileType = image.png; path = Main_Frame_Bag_N.png; sourceTree = "<group>"; };
		C37AE3A017F1963B0026ADA2 /* Main_Frame_Key_H.png */ = {isa = PBXFileReference; lastKnownFileType = image.png; path = Main_Frame_Key_H.png; sourceTree = "<group>"; };
		C37AE3A117F1963E0026ADA2 /* Main_Frame_Key_N.png */ = {isa = PBXFileReference; lastKnownFileType = image.png; path = Main_Frame_Key_N.png; sourceTree = "<group>"; };
		C37AE3A417F196470026ADA2 /* Main_Frame_Wallet_H.png */ = {isa = PBXFileReference; lastKnownFileType = image.png; path = Main_Frame_Wallet_H.png; sourceTree = "<group>"; };
		C37AE3A517F1964E0026ADA2 /* Main_Frame_Wallet_N.png */ = {isa = PBXFileReference; lastKnownFileType = image.png; path = Main_Frame_Wallet_N.png; sourceTree = "<group>"; };
		C37AE3AE17F1969F0026ADA2 /* Main_Frame_Bag_H@2x.png */ = {isa = PBXFileReference; lastKnownFileType = image.png; path = "Main_Frame_Bag_H@2x.png"; sourceTree = "<group>"; };
		C37AE3AF17F196A10026ADA2 /* Main_Frame_Bag_N@2x.png */ = {isa = PBXFileReference; lastKnownFileType = image.png; path = "Main_Frame_Bag_N@2x.png"; sourceTree = "<group>"; };
		C37AE3B017F196A40026ADA2 /* Main_Frame_Key_H@2x.png */ = {isa = PBXFileReference; lastKnownFileType = image.png; path = "Main_Frame_Key_H@2x.png"; sourceTree = "<group>"; };
		C37AE3B117F196A70026ADA2 /* Main_Frame_Key_N@2x.png */ = {isa = PBXFileReference; lastKnownFileType = image.png; path = "Main_Frame_Key_N@2x.png"; sourceTree = "<group>"; };
		C37AE3B217F196A90026ADA2 /* Main_Frame_Kid_N@2x.png */ = {isa = PBXFileReference; lastKnownFileType = image.png; path = "Main_Frame_Kid_N@2x.png"; sourceTree = "<group>"; };
		C37AE3B317F196AB0026ADA2 /* Main_Frame_Kid_H@2x.png */ = {isa = PBXFileReference; lastKnownFileType = image.png; path = "Main_Frame_Kid_H@2x.png"; sourceTree = "<group>"; };
		C37AE3B417F196B10026ADA2 /* Main_Frame_Wallet_H@2x.png */ = {isa = PBXFileReference; lastKnownFileType = image.png; path = "Main_Frame_Wallet_H@2x.png"; sourceTree = "<group>"; };
		C37AE3B517F196B50026ADA2 /* Main_Frame_Wallet_N@2x.png */ = {isa = PBXFileReference; lastKnownFileType = image.png; path = "Main_Frame_Wallet_N@2x.png"; sourceTree = "<group>"; };
		C37C5DDC17EBF30E00FCE5AE /* CRootViewController.h */ = {isa = PBXFileReference; fileEncoding = 4; lastKnownFileType = sourcecode.c.h; path = CRootViewController.h; sourceTree = "<group>"; };
		C37C5DDD17EBF30E00FCE5AE /* CRootViewController.m */ = {isa = PBXFileReference; fileEncoding = 4; lastKnownFileType = sourcecode.c.objc; path = CRootViewController.m; sourceTree = "<group>"; };
		C37F4A4D17F474A400DC23AA /* Settings_Btn_Back.png */ = {isa = PBXFileReference; lastKnownFileType = image.png; path = Settings_Btn_Back.png; sourceTree = "<group>"; };
		C37F4A4E17F474A400DC23AA /* Settings_Btn_Confirm.png */ = {isa = PBXFileReference; lastKnownFileType = image.png; path = Settings_Btn_Confirm.png; sourceTree = "<group>"; };
		C37F4A5117F474C300DC23AA /* Settings_Btn_Back@2x.png */ = {isa = PBXFileReference; lastKnownFileType = image.png; path = "Settings_Btn_Back@2x.png"; sourceTree = "<group>"; };
		C37F4A5217F474C300DC23AA /* Settings_Btn_Confirm@2x.png */ = {isa = PBXFileReference; lastKnownFileType = image.png; path = "Settings_Btn_Confirm@2x.png"; sourceTree = "<group>"; };
		C37F4A5517F48D0200DC23AA /* MusicTableViewController.h */ = {isa = PBXFileReference; fileEncoding = 4; lastKnownFileType = sourcecode.c.h; path = MusicTableViewController.h; sourceTree = "<group>"; };
		C37F4A5617F48D0200DC23AA /* MusicTableViewController.m */ = {isa = PBXFileReference; fileEncoding = 4; lastKnownFileType = sourcecode.c.objc; path = MusicTableViewController.m; sourceTree = "<group>"; };
		C37F4A5817F48D9C00DC23AA /* Settings_Frame.png */ = {isa = PBXFileReference; lastKnownFileType = image.png; path = Settings_Frame.png; sourceTree = "<group>"; };
		C37F4A5A17F48DA800DC23AA /* Settings_Frame@2x.png */ = {isa = PBXFileReference; lastKnownFileType = image.png; path = "Settings_Frame@2x.png"; sourceTree = "<group>"; };
		C3810B3217EDD06A006A180D /* CoreTelephony.framework */ = {isa = PBXFileReference; lastKnownFileType = wrapper.framework; name = CoreTelephony.framework; path = System/Library/Frameworks/CoreTelephony.framework; sourceTree = SDKROOT; };
		C382630E17EF501B00D66B77 /* CScanViewController.h */ = {isa = PBXFileReference; fileEncoding = 4; lastKnownFileType = sourcecode.c.h; path = CScanViewController.h; sourceTree = "<group>"; };
		C382630F17EF501B00D66B77 /* CScanViewController.m */ = {isa = PBXFileReference; fileEncoding = 4; lastKnownFileType = sourcecode.c.objc; path = CScanViewController.m; sourceTree = "<group>"; };
		C382631317EF596300D66B77 /* Localizable.strings */ = {isa = PBXFileReference; fileEncoding = 4; lastKnownFileType = text.plist.strings; path = Localizable.strings; sourceTree = "<group>"; };
		C382631517EF5ACE00D66B77 /* CBLEButton.h */ = {isa = PBXFileReference; fileEncoding = 4; lastKnownFileType = sourcecode.c.h; path = CBLEButton.h; sourceTree = "<group>"; };
		C382631617EF5ACE00D66B77 /* CBLEButton.m */ = {isa = PBXFileReference; fileEncoding = 4; lastKnownFileType = sourcecode.c.objc; path = CBLEButton.m; sourceTree = "<group>"; };
		C3840B8817E9D1E60049FDE5 /* iFind.app */ = {isa = PBXFileReference; explicitFileType = wrapper.application; includeInIndex = 0; path = iFind.app; sourceTree = BUILT_PRODUCTS_DIR; };
		C3840B8B17E9D1E60049FDE5 /* UIKit.framework */ = {isa = PBXFileReference; lastKnownFileType = wrapper.framework; name = UIKit.framework; path = System/Library/Frameworks/UIKit.framework; sourceTree = SDKROOT; };
		C3840B8D17E9D1E60049FDE5 /* Foundation.framework */ = {isa = PBXFileReference; lastKnownFileType = wrapper.framework; name = Foundation.framework; path = System/Library/Frameworks/Foundation.framework; sourceTree = SDKROOT; };
		C3840B8F17E9D1E60049FDE5 /* CoreGraphics.framework */ = {isa = PBXFileReference; lastKnownFileType = wrapper.framework; name = CoreGraphics.framework; path = System/Library/Frameworks/CoreGraphics.framework; sourceTree = SDKROOT; };
		C3840B9317E9D1E60049FDE5 /* iFind-Info.plist */ = {isa = PBXFileReference; lastKnownFileType = text.plist.xml; path = "iFind-Info.plist"; sourceTree = "<group>"; };
		C3840B9517E9D1E60049FDE5 /* en */ = {isa = PBXFileReference; lastKnownFileType = text.plist.strings; name = en; path = en.lproj/InfoPlist.strings; sourceTree = "<group>"; };
		C3840B9717E9D1E60049FDE5 /* main.m */ = {isa = PBXFileReference; lastKnownFileType = sourcecode.c.objc; path = main.m; sourceTree = "<group>"; };
		C3840B9917E9D1E60049FDE5 /* iFind-Prefix.pch */ = {isa = PBXFileReference; lastKnownFileType = sourcecode.c.h; path = "iFind-Prefix.pch"; sourceTree = "<group>"; };
		C3840B9A17E9D1E60049FDE5 /* CAppDelegate.h */ = {isa = PBXFileReference; lastKnownFileType = sourcecode.c.h; path = CAppDelegate.h; sourceTree = "<group>"; };
		C3840B9B17E9D1E60049FDE5 /* CAppDelegate.m */ = {isa = PBXFileReference; lastKnownFileType = sourcecode.c.objc; path = CAppDelegate.m; sourceTree = "<group>"; };
		C3840B9D17E9D1E60049FDE5 /* Default.png */ = {isa = PBXFileReference; lastKnownFileType = image.png; path = Default.png; sourceTree = "<group>"; };
		C3840B9F17E9D1E60049FDE5 /* Default@2x.png */ = {isa = PBXFileReference; lastKnownFileType = image.png; path = "Default@2x.png"; sourceTree = "<group>"; };
		C3840BA117E9D1E60049FDE5 /* Default-568h@2x.png */ = {isa = PBXFileReference; lastKnownFileType = image.png; path = "Default-568h@2x.png"; sourceTree = "<group>"; };
		C3840BA317E9D1E60049FDE5 /* CViewController.h */ = {isa = PBXFileReference; lastKnownFileType = sourcecode.c.h; path = CViewController.h; sourceTree = "<group>"; };
		C3840BA417E9D1E60049FDE5 /* CViewController.m */ = {isa = PBXFileReference; lastKnownFileType = sourcecode.c.objc; path = CViewController.m; sourceTree = "<group>"; };
		C3840BA717E9D1E60049FDE5 /* en */ = {isa = PBXFileReference; lastKnownFileType = file.xib; name = en; path = en.lproj/CViewController.xib; sourceTree = "<group>"; };
		C3840BB417EA9A890049FDE5 /* CBLEManager.h */ = {isa = PBXFileReference; fileEncoding = 4; lastKnownFileType = sourcecode.c.h; path = CBLEManager.h; sourceTree = "<group>"; };
		C3840BB517EA9A890049FDE5 /* CBLEManager.m */ = {isa = PBXFileReference; fileEncoding = 4; lastKnownFileType = sourcecode.c.objc; path = CBLEManager.m; sourceTree = "<group>"; };
		C3840BB717EAA6BE0049FDE5 /* CoreBluetooth.framework */ = {isa = PBXFileReference; lastKnownFileType = wrapper.framework; name = CoreBluetooth.framework; path = System/Library/Frameworks/CoreBluetooth.framework; sourceTree = SDKROOT; };
		C3840BB917EAA9850049FDE5 /* Constants.h */ = {isa = PBXFileReference; lastKnownFileType = sourcecode.c.h; path = Constants.h; sourceTree = "<group>"; };
		C3840BBA17EABCA40049FDE5 /* CBLEPeriphral.h */ = {isa = PBXFileReference; fileEncoding = 4; lastKnownFileType = sourcecode.c.h; path = CBLEPeriphral.h; sourceTree = "<group>"; };
		C3840BBB17EABCA40049FDE5 /* CBLEPeriphral.m */ = {isa = PBXFileReference; fileEncoding = 4; lastKnownFileType = sourcecode.c.objc; path = CBLEPeriphral.m; sourceTree = "<group>"; };
		C3840BBD17EAE8580049FDE5 /* CUtilsFunc.h */ = {isa = PBXFileReference; fileEncoding = 4; lastKnownFileType = sourcecode.c.h; path = CUtilsFunc.h; sourceTree = "<group>"; };
		C3840BBE17EAE8580049FDE5 /* CUtilsFunc.m */ = {isa = PBXFileReference; fileEncoding = 4; lastKnownFileType = sourcecode.c.objc; path = CUtilsFunc.m; sourceTree = "<group>"; };
		C385AEF817F13DE6001DBCF0 /* CDataSource.h */ = {isa = PBXFileReference; fileEncoding = 4; lastKnownFileType = sourcecode.c.h; path = CDataSource.h; sourceTree = "<group>"; };
		C385AEF917F13DE6001DBCF0 /* CDataSource.m */ = {isa = PBXFileReference; fileEncoding = 4; lastKnownFileType = sourcecode.c.objc; path = CDataSource.m; sourceTree = "<group>"; };
/* End PBXFileReference section */

/* Begin PBXFrameworksBuildPhase section */
		C3840B8517E9D1E60049FDE5 /* Frameworks */ = {
			isa = PBXFrameworksBuildPhase;
			buildActionMask = 2147483647;
			files = (
				4E040DC017F053E700C1E6A3 /* libsqlite3.0.dylib in Frameworks */,
				C3437EB817EED2E300C67F2C /* AudioToolbox.framework in Frameworks */,
				C3437EB617EED2C800C67F2C /* MediaPlayer.framework in Frameworks */,
				C3437EB417EED2C000C67F2C /* CoreMedia.framework in Frameworks */,
				C3437EB217EED29E00C67F2C /* AVFoundation.framework in Frameworks */,
				C3437EB017EED29700C67F2C /* AssetsLibrary.framework in Frameworks */,
				C3437EAE17EED28E00C67F2C /* SystemConfiguration.framework in Frameworks */,
				C3810B3317EDD06A006A180D /* CoreTelephony.framework in Frameworks */,
				C3840BB817EAA6BE0049FDE5 /* CoreBluetooth.framework in Frameworks */,
				C3840B8C17E9D1E60049FDE5 /* UIKit.framework in Frameworks */,
				C3840B8E17E9D1E60049FDE5 /* Foundation.framework in Frameworks */,
				C3840B9017E9D1E60049FDE5 /* CoreGraphics.framework in Frameworks */,
			);
			runOnlyForDeploymentPostprocessing = 0;
		};
/* End PBXFrameworksBuildPhase section */

/* Begin PBXGroup section */
		4E040DAF17F053DB00C1E6A3 /* FMDB Class */ = {
			isa = PBXGroup;
			children = (
				4E040DB017F053DB00C1E6A3 /* FMDatabase.h */,
				4E040DB117F053DB00C1E6A3 /* FMDatabase.m */,
				4E040DB217F053DB00C1E6A3 /* FMDatabaseAdditions.h */,
				4E040DB317F053DB00C1E6A3 /* FMDatabaseAdditions.m */,
				4E040DB417F053DB00C1E6A3 /* FMDatabasePool.h */,
				4E040DB517F053DB00C1E6A3 /* FMDatabasePool.m */,
				4E040DB617F053DB00C1E6A3 /* FMDatabaseQueue.h */,
				4E040DB717F053DB00C1E6A3 /* FMDatabaseQueue.m */,
				4E040DB817F053DB00C1E6A3 /* FMResultSet.h */,
				4E040DB917F053DB00C1E6A3 /* FMResultSet.m */,
			);
			path = "FMDB Class";
			sourceTree = "<group>";
		};
		4E040DCC17F1362200C1E6A3 /* audio */ = {
			isa = PBXGroup;
			children = (
				4E040DCD17F1362200C1E6A3 /* Alchemy.MP3 */,
				4E040DCE17F1362200C1E6A3 /* AudibleAlarm.MP3 */,
				4E040DCF17F1362200C1E6A3 /* Bird.MP3 */,
				4E040DD017F1362200C1E6A3 /* CS.MP3 */,
				4E040DD117F1362200C1E6A3 /* Ericsson ring.MP3 */,
				4E040DD217F1362200C1E6A3 /* Howl.MP3 */,
				4E040DD317F1362200C1E6A3 /* ICQ sms sound.MP3 */,
				4E040DD417F1362200C1E6A3 /* Jumping Cat.MP3 */,
				4E040DD517F1362200C1E6A3 /* Laughter.MP3 */,
				4E040DD617F1362200C1E6A3 /* Sent.MP3 */,
				4E040DD717F1362200C1E6A3 /* Siren.MP3 */,
			);
			name = audio;
			path = iFind/Resources/audio;
			sourceTree = "<group>";
		};
		4E0F312517EF3CD8006FC754 /* 1x */ = {
			isa = PBXGroup;
			children = (
				C37F4A5817F48D9C00DC23AA /* Settings_Frame.png */,
				C342179917F1D6E700B42F5E /* Main_Frame_Kid_H.png */,
				C342179A17F1D6E700B42F5E /* Main_Frame_Kid_N.png */,
				C37F4A4D17F474A400DC23AA /* Settings_Btn_Back.png */,
				C37F4A4E17F474A400DC23AA /* Settings_Btn_Confirm.png */,
				C37AE39E17F196360026ADA2 /* Main_Frame_Bag_H.png */,
				C37AE39F17F196390026ADA2 /* Main_Frame_Bag_N.png */,
				C37AE3A017F1963B0026ADA2 /* Main_Frame_Key_H.png */,
				C37AE3A117F1963E0026ADA2 /* Main_Frame_Key_N.png */,
				C37AE3A417F196470026ADA2 /* Main_Frame_Wallet_H.png */,
				C37AE3A517F1964E0026ADA2 /* Main_Frame_Wallet_N.png */,
				C37AE39A17F195700026ADA2 /* Main_Icon_Kid_H.png */,
				C37AE39B17F195720026ADA2 /* Main_Icon_Kid_N.png */,
				4E0F312617EF3CD8006FC754 /* Main_Bg.png */,
				4E0F312717EF3CD8006FC754 /* Main_Bt_Find.png */,
				4E0F312817EF3CD8006FC754 /* Main_Bt_Help.png */,
				4E0F312917EF3CD8006FC754 /* Main_Bt_Remote.png */,
				4E0F312A17EF3CD8006FC754 /* Main_Icon_Bag_H.png */,
				4E0F312B17EF3CD8006FC754 /* Main_Icon_Bag_N.png */,
				4E0F312C17EF3CD8006FC754 /* Main_Icon_Key_H.png */,
				4E0F312D17EF3CD8006FC754 /* Main_Icon_Key_N.png */,
				4E0F313017EF3CD8006FC754 /* Main_Icon_Wallet_H.png */,
				4E0F313117EF3CD8006FC754 /* Main_Icon_Wallet_N.png */,
				4E0F313217EF3CD8006FC754 /* Main_TopBar.png */,
				4E0F313317EF3CD8006FC754 /* Settings_Bg.png */,
				4E0F313417EF3CD8006FC754 /* Settings_Bt_01.png */,
				4E0F313517EF3CD8006FC754 /* Settings_Bt_02.png */,
				4E0F313617EF3CD8006FC754 /* Settings_Bt_03.png */,
				4E0F313717EF3CD8006FC754 /* Settings_Icon_Bag.png */,
				4E0F313817EF3CD8006FC754 /* Settings_Icon_Battery.png */,
				4E0F313917EF3CD8006FC754 /* Settings_Icon_Key.png */,
				4E0F313A17EF3CD8006FC754 /* Settings_Icon_Kid.png */,
				4E0F313B17EF3CD8006FC754 /* Settings_Icon_Scope.png */,
				4E0F313C17EF3CD8006FC754 /* Settings_Icon_Sinal.png */,
				4E0F313D17EF3CD8006FC754 /* Settings_Icon_Wallet.png */,
			);
			path = 1x;
			sourceTree = "<group>";
		};
		C3437EA017EED22300C67F2C /* PopupView */ = {
			isa = PBXGroup;
			children = (
				C3437EA117EED22300C67F2C /* FPPopoverController.h */,
				C37F4A5517F48D0200DC23AA /* MusicTableViewController.h */,
				C37F4A5617F48D0200DC23AA /* MusicTableViewController.m */,
				C3437EA217EED22300C67F2C /* FPPopoverController.m */,
				C3437EA317EED22300C67F2C /* FPPopoverView.h */,
				C3437EA417EED22300C67F2C /* FPPopoverView.m */,
				C3437EA517EED22300C67F2C /* FPTouchView.h */,
				C3437EA617EED22300C67F2C /* FPTouchView.m */,
				C3437EA717EED22300C67F2C /* PopUpTableViewController.h */,
				C3437EA817EED22300C67F2C /* PopUpTableViewController.m */,
				4E178F0517F46DF4007D5652 /* MusicViewController.h */,
				4E178F0617F46DF4007D5652 /* MusicViewController.m */,
			);
			path = PopupView;
			sourceTree = "<group>";
		};
		C3437EC117EED34400C67F2C /* Controllers */ = {
			isa = PBXGroup;
			children = (
				C3437EBE17EED33500C67F2C /* DeviceDetailViewController.h */,
				C3437EBF17EED33500C67F2C /* DeviceDetailViewController.m */,
				C3437EBC17EED32900C67F2C /* ViewController.xib */,
				C3437EB917EED30C00C67F2C /* ViewController.h */,
				C3437EBA17EED30C00C67F2C /* ViewController.m */,
				C37C5DDC17EBF30E00FCE5AE /* CRootViewController.h */,
				C37C5DDD17EBF30E00FCE5AE /* CRootViewController.m */,
				C382630E17EF501B00D66B77 /* CScanViewController.h */,
				C382630F17EF501B00D66B77 /* CScanViewController.m */,
			);
			name = Controllers;
			sourceTree = "<group>";
		};
		C3840B7F17E9D1E60049FDE5 = {
			isa = PBXGroup;
			children = (
				4E040DCC17F1362200C1E6A3 /* audio */,
				C3840B9117E9D1E60049FDE5 /* iFind */,
				C3840B8A17E9D1E60049FDE5 /* Frameworks */,
				C3840B8917E9D1E60049FDE5 /* Products */,
			);
			sourceTree = "<group>";
		};
		C3840B8917E9D1E60049FDE5 /* Products */ = {
			isa = PBXGroup;
			children = (
				C3840B8817E9D1E60049FDE5 /* iFind.app */,
			);
			name = Products;
			sourceTree = "<group>";
		};
		C3840B8A17E9D1E60049FDE5 /* Frameworks */ = {
			isa = PBXGroup;
			children = (
				4E040DBF17F053E700C1E6A3 /* libsqlite3.0.dylib */,
				C3437EB717EED2E300C67F2C /* AudioToolbox.framework */,
				C3437EB517EED2C800C67F2C /* MediaPlayer.framework */,
				C3437EB317EED2C000C67F2C /* CoreMedia.framework */,
				C3437EB117EED29E00C67F2C /* AVFoundation.framework */,
				C3437EAF17EED29700C67F2C /* AssetsLibrary.framework */,
				C3437EAD17EED28D00C67F2C /* SystemConfiguration.framework */,
				C3810B3217EDD06A006A180D /* CoreTelephony.framework */,
				C3840BB717EAA6BE0049FDE5 /* CoreBluetooth.framework */,
				C3840B8B17E9D1E60049FDE5 /* UIKit.framework */,
				C3840B8D17E9D1E60049FDE5 /* Foundation.framework */,
				C3840B8F17E9D1E60049FDE5 /* CoreGraphics.framework */,
			);
			name = Frameworks;
			sourceTree = "<group>";
		};
		C3840B9117E9D1E60049FDE5 /* iFind */ = {
			isa = PBXGroup;
			children = (
				C3437EC117EED34400C67F2C /* Controllers */,
				C3840BB317E9D8AB0049FDE5 /* Classes */,
				C3840BB217E9D8A40049FDE5 /* Lib */,
				C3840BAE17E9D89D0049FDE5 /* Resources */,
				C3840B9A17E9D1E60049FDE5 /* CAppDelegate.h */,
				C3840B9B17E9D1E60049FDE5 /* CAppDelegate.m */,
				C3840BA317E9D1E60049FDE5 /* CViewController.h */,
				C3840BA417E9D1E60049FDE5 /* CViewController.m */,
				C3840BA617E9D1E60049FDE5 /* CViewController.xib */,
				C3840B9217E9D1E60049FDE5 /* Supporting Files */,
			);
			path = iFind;
			sourceTree = "<group>";
		};
		C3840B9217E9D1E60049FDE5 /* Supporting Files */ = {
			isa = PBXGroup;
			children = (
				C3840B9317E9D1E60049FDE5 /* iFind-Info.plist */,
				C3840B9417E9D1E60049FDE5 /* InfoPlist.strings */,
				C3840B9717E9D1E60049FDE5 /* main.m */,
				C3840B9917E9D1E60049FDE5 /* iFind-Prefix.pch */,
				C3840B9D17E9D1E60049FDE5 /* Default.png */,
				C3840B9F17E9D1E60049FDE5 /* Default@2x.png */,
				C3840BA117E9D1E60049FDE5 /* Default-568h@2x.png */,
				C382631317EF596300D66B77 /* Localizable.strings */,
			);
			name = "Supporting Files";
			sourceTree = "<group>";
		};
		C3840BAE17E9D89D0049FDE5 /* Resources */ = {
			isa = PBXGroup;
			children = (
				4E0F312517EF3CD8006FC754 /* 1x */,
				C3840BB017E9D89D0049FDE5 /* 2x */,
			);
			path = Resources;
			sourceTree = "<group>";
		};
		C3840BB017E9D89D0049FDE5 /* 2x */ = {
			isa = PBXGroup;
			children = (
				C37F4A5A17F48DA800DC23AA /* Settings_Frame@2x.png */,
				C37F4A5117F474C300DC23AA /* Settings_Btn_Back@2x.png */,
				C37F4A5217F474C300DC23AA /* Settings_Btn_Confirm@2x.png */,
				C37AE3AE17F1969F0026ADA2 /* Main_Frame_Bag_H@2x.png */,
				C37AE3AF17F196A10026ADA2 /* Main_Frame_Bag_N@2x.png */,
				C37AE3B017F196A40026ADA2 /* Main_Frame_Key_H@2x.png */,
				C37AE3B117F196A70026ADA2 /* Main_Frame_Key_N@2x.png */,
				C37AE3B217F196A90026ADA2 /* Main_Frame_Kid_N@2x.png */,
				C37AE3B317F196AB0026ADA2 /* Main_Frame_Kid_H@2x.png */,
				C37AE3B417F196B10026ADA2 /* Main_Frame_Wallet_H@2x.png */,
				C37AE3B517F196B50026ADA2 /* Main_Frame_Wallet_N@2x.png */,
				4E0F315617EF3CE1006FC754 /* Main_Bg@2x.png */,
				4E0F315717EF3CE1006FC754 /* Main_Bt_Find@2x.png */,
				4E0F315817EF3CE1006FC754 /* Main_Bt_Help@2x.png */,
				4E0F315917EF3CE1006FC754 /* Main_Bt_Remote@2x.png */,
				4E0F315A17EF3CE1006FC754 /* Main_Icon_Bag_H@2x.png */,
				4E0F315B17EF3CE1006FC754 /* Main_Icon_Bag_N@2x.png */,
				4E0F315C17EF3CE1006FC754 /* Main_Icon_Key_H@2x.png */,
				4E0F315D17EF3CE1006FC754 /* Main_Icon_Key_N@2x.png */,
				4E0F315E17EF3CE1006FC754 /* Main_Icon_Kid_N@2x.png */,
				4E0F315F17EF3CE1006FC754 /* Main_Icon_Kid_H@2x.png */,
				4E0F316017EF3CE1006FC754 /* Main_Icon_Wallet_H@2x.png */,
				4E0F316117EF3CE1006FC754 /* Main_Icon_Wallet_N@2x.png */,
				4E0F316217EF3CE1006FC754 /* Main_TopBar@2x.png */,
				4E0F316317EF3CE1006FC754 /* Settings_Bg@2x.png */,
				4E0F316417EF3CE1006FC754 /* Settings_Bt_01@2x.png */,
				4E0F316517EF3CE1006FC754 /* Settings_Bt_02@2x.png */,
				4E0F316617EF3CE1006FC754 /* Settings_Bt_03@2x.png */,
				4E0F316717EF3CE1006FC754 /* Settings_Icon_Bag@2x.png */,
				4E0F316817EF3CE1006FC754 /* Settings_Icon_Battery@2x.png */,
				4E0F316917EF3CE1006FC754 /* Settings_Icon_Key@2x.png */,
				4E0F316A17EF3CE1006FC754 /* Settings_Icon_Kid@2x.png */,
				4E0F316B17EF3CE1006FC754 /* Settings_Icon_Scope@2x.png */,
				4E0F316C17EF3CE1006FC754 /* Settings_Icon_Sinal@2x.png */,
				4E0F316D17EF3CE1006FC754 /* Settings_Icon_Wallet@2x.png */,
			);
			path = 2x;
			sourceTree = "<group>";
		};
		C3840BB217E9D8A40049FDE5 /* Lib */ = {
			isa = PBXGroup;
			children = (
				4E040DCA17F1309E00C1E6A3 /* OrderType.h */,
				4E040DC717F0822C00C1E6A3 /* SBTableAlert.h */,
				4E040DC817F0822C00C1E6A3 /* SBTableAlert.m */,
				4E040DAF17F053DB00C1E6A3 /* FMDB Class */,
				C3437EA017EED22300C67F2C /* PopupView */,
			);
			path = Lib;
			sourceTree = "<group>";
		};
		C3840BB317E9D8AB0049FDE5 /* Classes */ = {
			isa = PBXGroup;
			children = (
				4E0943AA17F2B39200384362 /* CustomiseActionSheet.h */,
				4E0943AB17F2B39200384362 /* CustomiseActionSheet.m */,
				C385AEF817F13DE6001DBCF0 /* CDataSource.h */,
				C385AEF917F13DE6001DBCF0 /* CDataSource.m */,
				4E040DC417F0748900C1E6A3 /* SQLManager.h */,
				4E040DC517F0748900C1E6A3 /* SQLManager.m */,
				C3437EC217EED99D00C67F2C /* AlarmPlayer.h */,
				C3437EC317EED99D00C67F2C /* AlarmPlayer.m */,
				C3437EC417EED99D00C67F2C /* AudioRecordUtility.h */,
				C3437EC517EED99D00C67F2C /* AudioRecordUtility.m */,
				C3437EC617EED99D00C67F2C /* MonitorTelephoneStatus.h */,
				C3437EC717EED99D00C67F2C /* MonitorTelephoneStatus.m */,
				C3437EC817EED99D00C67F2C /* PhotoManager.h */,
				C3437EC917EED99D00C67F2C /* PhotoManager.m */,
				C3437ECA17EED99D00C67F2C /* VAudioHelper.h */,
				C3437ECB17EED99D00C67F2C /* VAudioHelper.m */,
				C3437ECC17EED99D00C67F2C /* WifiInfoHelper.h */,
				C3437ECD17EED99D00C67F2C /* WifiInfoHelper.m */,
				C3840BB417EA9A890049FDE5 /* CBLEManager.h */,
				C3840BB517EA9A890049FDE5 /* CBLEManager.m */,
				C3840BB917EAA9850049FDE5 /* Constants.h */,
				C3840BBA17EABCA40049FDE5 /* CBLEPeriphral.h */,
				C3840BBB17EABCA40049FDE5 /* CBLEPeriphral.m */,
				C3840BBD17EAE8580049FDE5 /* CUtilsFunc.h */,
				C3840BBE17EAE8580049FDE5 /* CUtilsFunc.m */,
				C382631517EF5ACE00D66B77 /* CBLEButton.h */,
				C382631617EF5ACE00D66B77 /* CBLEButton.m */,
			);
			path = Classes;
			sourceTree = "<group>";
		};
/* End PBXGroup section */

/* Begin PBXNativeTarget section */
		C3840B8717E9D1E60049FDE5 /* iFind */ = {
			isa = PBXNativeTarget;
			buildConfigurationList = C3840BAB17E9D1E60049FDE5 /* Build configuration list for PBXNativeTarget "iFind" */;
			buildPhases = (
				C3840B8417E9D1E60049FDE5 /* Sources */,
				C3840B8517E9D1E60049FDE5 /* Frameworks */,
				C3840B8617E9D1E60049FDE5 /* Resources */,
			);
			buildRules = (
			);
			dependencies = (
			);
			name = iFind;
			productName = iFind;
			productReference = C3840B8817E9D1E60049FDE5 /* iFind.app */;
			productType = "com.apple.product-type.application";
		};
/* End PBXNativeTarget section */

/* Begin PBXProject section */
		C3840B8017E9D1E60049FDE5 /* Project object */ = {
			isa = PBXProject;
			attributes = {
				CLASSPREFIX = C;
				LastUpgradeCheck = 0460;
				ORGANIZATIONNAME = iFind;
			};
			buildConfigurationList = C3840B8317E9D1E60049FDE5 /* Build configuration list for PBXProject "iFind" */;
			compatibilityVersion = "Xcode 3.2";
			developmentRegion = English;
			hasScannedForEncodings = 0;
			knownRegions = (
				en,
			);
			mainGroup = C3840B7F17E9D1E60049FDE5;
			productRefGroup = C3840B8917E9D1E60049FDE5 /* Products */;
			projectDirPath = "";
			projectRoot = "";
			targets = (
				C3840B8717E9D1E60049FDE5 /* iFind */,
			);
		};
/* End PBXProject section */

/* Begin PBXResourcesBuildPhase section */
		C3840B8617E9D1E60049FDE5 /* Resources */ = {
			isa = PBXResourcesBuildPhase;
			buildActionMask = 2147483647;
			files = (
				C3840B9617E9D1E60049FDE5 /* InfoPlist.strings in Resources */,
				C3840B9E17E9D1E60049FDE5 /* Default.png in Resources */,
				C3840BA017E9D1E60049FDE5 /* Default@2x.png in Resources */,
				C3840BA217E9D1E60049FDE5 /* Default-568h@2x.png in Resources */,
				C3840BA817E9D1E60049FDE5 /* CViewController.xib in Resources */,
				C3437EBD17EED32900C67F2C /* ViewController.xib in Resources */,
				4E0F313E17EF3CD8006FC754 /* Main_Bg.png in Resources */,
				4E0F313F17EF3CD8006FC754 /* Main_Bt_Find.png in Resources */,
				4E0F314017EF3CD8006FC754 /* Main_Bt_Help.png in Resources */,
				4E0F314117EF3CD8006FC754 /* Main_Bt_Remote.png in Resources */,
				4E0F314217EF3CD8006FC754 /* Main_Icon_Bag_H.png in Resources */,
				4E0F314317EF3CD8006FC754 /* Main_Icon_Bag_N.png in Resources */,
				4E0F314417EF3CD8006FC754 /* Main_Icon_Key_H.png in Resources */,
				4E0F314517EF3CD8006FC754 /* Main_Icon_Key_N.png in Resources */,
				4E0F314817EF3CD8006FC754 /* Main_Icon_Wallet_H.png in Resources */,
				4E0F314917EF3CD8006FC754 /* Main_Icon_Wallet_N.png in Resources */,
				4E0F314A17EF3CD8006FC754 /* Main_TopBar.png in Resources */,
				4E0F314B17EF3CD8006FC754 /* Settings_Bg.png in Resources */,
				4E0F314C17EF3CD8006FC754 /* Settings_Bt_01.png in Resources */,
				4E0F314D17EF3CD8006FC754 /* Settings_Bt_02.png in Resources */,
				4E0F314E17EF3CD8006FC754 /* Settings_Bt_03.png in Resources */,
				4E0F314F17EF3CD8006FC754 /* Settings_Icon_Bag.png in Resources */,
				4E0F315017EF3CD8006FC754 /* Settings_Icon_Battery.png in Resources */,
				4E0F315117EF3CD8006FC754 /* Settings_Icon_Key.png in Resources */,
				4E0F315217EF3CD8006FC754 /* Settings_Icon_Kid.png in Resources */,
				4E0F315317EF3CD8006FC754 /* Settings_Icon_Scope.png in Resources */,
				4E0F315417EF3CD8006FC754 /* Settings_Icon_Sinal.png in Resources */,
				4E0F315517EF3CD8006FC754 /* Settings_Icon_Wallet.png in Resources */,
				4E0F316E17EF3CE1006FC754 /* Main_Bg@2x.png in Resources */,
				4E0F316F17EF3CE1006FC754 /* Main_Bt_Find@2x.png in Resources */,
				4E0F317017EF3CE1006FC754 /* Main_Bt_Help@2x.png in Resources */,
				4E0F317117EF3CE1006FC754 /* Main_Bt_Remote@2x.png in Resources */,
				4E0F317217EF3CE1006FC754 /* Main_Icon_Bag_H@2x.png in Resources */,
				4E0F317317EF3CE1006FC754 /* Main_Icon_Bag_N@2x.png in Resources */,
				4E0F317417EF3CE1006FC754 /* Main_Icon_Key_H@2x.png in Resources */,
				4E0F317517EF3CE1006FC754 /* Main_Icon_Key_N@2x.png in Resources */,
				4E0F317617EF3CE1006FC754 /* Main_Icon_Kid_N@2x.png in Resources */,
				4E0F317717EF3CE1006FC754 /* Main_Icon_Kid_H@2x.png in Resources */,
				4E0F317817EF3CE1006FC754 /* Main_Icon_Wallet_H@2x.png in Resources */,
				4E0F317917EF3CE1006FC754 /* Main_Icon_Wallet_N@2x.png in Resources */,
				4E0F317A17EF3CE1006FC754 /* Main_TopBar@2x.png in Resources */,
				4E0F317B17EF3CE1006FC754 /* Settings_Bg@2x.png in Resources */,
				4E0F317C17EF3CE1006FC754 /* Settings_Bt_01@2x.png in Resources */,
				4E0F317D17EF3CE1006FC754 /* Settings_Bt_02@2x.png in Resources */,
				4E0F317E17EF3CE1006FC754 /* Settings_Bt_03@2x.png in Resources */,
				4E0F317F17EF3CE1006FC754 /* Settings_Icon_Bag@2x.png in Resources */,
				4E0F318017EF3CE1006FC754 /* Settings_Icon_Battery@2x.png in Resources */,
				4E0F318117EF3CE1006FC754 /* Settings_Icon_Key@2x.png in Resources */,
				4E0F318217EF3CE1006FC754 /* Settings_Icon_Kid@2x.png in Resources */,
				4E0F318317EF3CE1006FC754 /* Settings_Icon_Scope@2x.png in Resources */,
				4E0F318417EF3CE1006FC754 /* Settings_Icon_Sinal@2x.png in Resources */,
				4E0F318517EF3CE1006FC754 /* Settings_Icon_Wallet@2x.png in Resources */,
				C382631417EF596300D66B77 /* Localizable.strings in Resources */,
				4E040DD817F1362200C1E6A3 /* Alchemy.MP3 in Resources */,
				4E040DD917F1362200C1E6A3 /* AudibleAlarm.MP3 in Resources */,
				4E040DDA17F1362200C1E6A3 /* Bird.MP3 in Resources */,
				4E040DDB17F1362200C1E6A3 /* CS.MP3 in Resources */,
				4E040DDC17F1362200C1E6A3 /* Ericsson ring.MP3 in Resources */,
				4E040DDD17F1362200C1E6A3 /* Howl.MP3 in Resources */,
				4E040DDE17F1362200C1E6A3 /* ICQ sms sound.MP3 in Resources */,
				4E040DDF17F1362200C1E6A3 /* Jumping Cat.MP3 in Resources */,
				4E040DE017F1362200C1E6A3 /* Laughter.MP3 in Resources */,
				4E040DE117F1362200C1E6A3 /* Sent.MP3 in Resources */,
				4E040DE217F1362200C1E6A3 /* Siren.MP3 in Resources */,
				C37AE39C17F195760026ADA2 /* Main_Icon_Kid_H.png in Resources */,
				C37AE39D17F195760026ADA2 /* Main_Icon_Kid_N.png in Resources */,
				C37AE3A617F196510026ADA2 /* Main_Frame_Bag_H.png in Resources */,
				C37AE3A717F196510026ADA2 /* Main_Frame_Bag_N.png in Resources */,
				C37AE3A817F196510026ADA2 /* Main_Frame_Key_H.png in Resources */,
				C37AE3A917F196510026ADA2 /* Main_Frame_Key_N.png in Resources */,
				C37AE3AC17F196510026ADA2 /* Main_Frame_Wallet_H.png in Resources */,
				C37AE3AD17F196510026ADA2 /* Main_Frame_Wallet_N.png in Resources */,
				C37AE3B617F196B80026ADA2 /* Main_Frame_Bag_H@2x.png in Resources */,
				C37AE3B717F196B80026ADA2 /* Main_Frame_Bag_N@2x.png in Resources */,
				C37AE3B817F196B80026ADA2 /* Main_Frame_Key_H@2x.png in Resources */,
				C37AE3B917F196B80026ADA2 /* Main_Frame_Key_N@2x.png in Resources */,
				C37AE3BA17F196B80026ADA2 /* Main_Frame_Kid_N@2x.png in Resources */,
				C37AE3BB17F196B80026ADA2 /* Main_Frame_Kid_H@2x.png in Resources */,
				C37AE3BC17F196B80026ADA2 /* Main_Frame_Wallet_H@2x.png in Resources */,
				C37AE3BD17F196B80026ADA2 /* Main_Frame_Wallet_N@2x.png in Resources */,
				C37F4A4F17F474A500DC23AA /* Settings_Btn_Back.png in Resources */,
				C37F4A5017F474A500DC23AA /* Settings_Btn_Confirm.png in Resources */,
				C37F4A5317F474C300DC23AA /* Settings_Btn_Back@2x.png in Resources */,
				C37F4A5417F474C300DC23AA /* Settings_Btn_Confirm@2x.png in Resources */,
				C37F4A5917F48D9C00DC23AA /* Settings_Frame.png in Resources */,
				C37F4A5B17F48DA800DC23AA /* Settings_Frame@2x.png in Resources */,
			);
			runOnlyForDeploymentPostprocessing = 0;
		};
/* End PBXResourcesBuildPhase section */

/* Begin PBXSourcesBuildPhase section */
		C3840B8417E9D1E60049FDE5 /* Sources */ = {
			isa = PBXSourcesBuildPhase;
			buildActionMask = 2147483647;
			files = (
				4E040DCB17F130F400C1E6A3 /* OrderType.h in Sources */,
				C3437E9317EEC79100C67F2C /* Constants.h in Sources */,
				C3840B9817E9D1E60049FDE5 /* main.m in Sources */,
				C3840B9C17E9D1E60049FDE5 /* CAppDelegate.m in Sources */,
				C3840BA517E9D1E60049FDE5 /* CViewController.m in Sources */,
				C3840BB617EA9A890049FDE5 /* CBLEManager.m in Sources */,
				C3840BBC17EABCA40049FDE5 /* CBLEPeriphral.m in Sources */,
				C3840BBF17EAE8580049FDE5 /* CUtilsFunc.m in Sources */,
				C37C5DDE17EBF30E00FCE5AE /* CRootViewController.m in Sources */,
				C3437EA917EED22300C67F2C /* FPPopoverController.m in Sources */,
				C3437EAA17EED22300C67F2C /* FPPopoverView.m in Sources */,
				C3437EAB17EED22300C67F2C /* FPTouchView.m in Sources */,
				C3437EAC17EED22300C67F2C /* PopUpTableViewController.m in Sources */,
				C3437EBB17EED30C00C67F2C /* ViewController.m in Sources */,
				C3437EC017EED33500C67F2C /* DeviceDetailViewController.m in Sources */,
				C3437ECE17EED99D00C67F2C /* AlarmPlayer.m in Sources */,
				C3437ECF17EED99D00C67F2C /* AudioRecordUtility.m in Sources */,
				C3437ED017EED99D00C67F2C /* MonitorTelephoneStatus.m in Sources */,
				C3437ED117EED99D00C67F2C /* PhotoManager.m in Sources */,
				C3437ED217EED99D00C67F2C /* VAudioHelper.m in Sources */,
				C3437ED317EED99D00C67F2C /* WifiInfoHelper.m in Sources */,
				C382631017EF501C00D66B77 /* CScanViewController.m in Sources */,
				C382631717EF5ACF00D66B77 /* CBLEButton.m in Sources */,
				4E040DBA17F053DB00C1E6A3 /* FMDatabase.m in Sources */,
				4E040DBB17F053DB00C1E6A3 /* FMDatabaseAdditions.m in Sources */,
				4E040DBC17F053DB00C1E6A3 /* FMDatabasePool.m in Sources */,
				4E040DBD17F053DB00C1E6A3 /* FMDatabaseQueue.m in Sources */,
				4E040DBE17F053DB00C1E6A3 /* FMResultSet.m in Sources */,
				4E040DC617F0748900C1E6A3 /* SQLManager.m in Sources */,
				4E040DC917F0822C00C1E6A3 /* SBTableAlert.m in Sources */,
				C385AEFA17F13DE6001DBCF0 /* CDataSource.m in Sources */,
				4E0943AC17F2B39200384362 /* CustomiseActionSheet.m in Sources */,
				4E178F0717F46DF4007D5652 /* MusicViewController.m in Sources */,
				C37F4A5717F48D0200DC23AA /* MusicTableViewController.m in Sources */,
			);
			runOnlyForDeploymentPostprocessing = 0;
		};
/* End PBXSourcesBuildPhase section */

/* Begin PBXVariantGroup section */
		C3840B9417E9D1E60049FDE5 /* InfoPlist.strings */ = {
			isa = PBXVariantGroup;
			children = (
				C3840B9517E9D1E60049FDE5 /* en */,
			);
			name = InfoPlist.strings;
			sourceTree = "<group>";
		};
		C3840BA617E9D1E60049FDE5 /* CViewController.xib */ = {
			isa = PBXVariantGroup;
			children = (
				C3840BA717E9D1E60049FDE5 /* en */,
			);
			name = CViewController.xib;
			sourceTree = "<group>";
		};
/* End PBXVariantGroup section */

/* Begin XCBuildConfiguration section */
		C3840BA917E9D1E60049FDE5 /* Debug */ = {
			isa = XCBuildConfiguration;
			buildSettings = {
				ALWAYS_SEARCH_USER_PATHS = NO;
				CLANG_CXX_LANGUAGE_STANDARD = "gnu++0x";
				CLANG_CXX_LIBRARY = "libc++";
				CLANG_WARN_CONSTANT_CONVERSION = YES;
				CLANG_WARN_EMPTY_BODY = YES;
				CLANG_WARN_ENUM_CONVERSION = YES;
				CLANG_WARN_INT_CONVERSION = YES;
				CLANG_WARN__DUPLICATE_METHOD_MATCH = YES;
				"CODE_SIGN_IDENTITY[sdk=iphoneos*]" = "iPhone Developer";
				COPY_PHASE_STRIP = NO;
				GCC_C_LANGUAGE_STANDARD = gnu99;
				GCC_DYNAMIC_NO_PIC = NO;
				GCC_OPTIMIZATION_LEVEL = 0;
				GCC_PREPROCESSOR_DEFINITIONS = (
					"DEBUG=1",
					"$(inherited)",
				);
				GCC_SYMBOLS_PRIVATE_EXTERN = NO;
				GCC_WARN_ABOUT_RETURN_TYPE = YES;
				GCC_WARN_UNINITIALIZED_AUTOS = YES;
				GCC_WARN_UNUSED_VARIABLE = YES;
				IPHONEOS_DEPLOYMENT_TARGET = 6.0;
				ONLY_ACTIVE_ARCH = YES;
				SDKROOT = iphoneos;
			};
			name = Debug;
		};
		C3840BAA17E9D1E60049FDE5 /* Release */ = {
			isa = XCBuildConfiguration;
			buildSettings = {
				ALWAYS_SEARCH_USER_PATHS = NO;
				CLANG_CXX_LANGUAGE_STANDARD = "gnu++0x";
				CLANG_CXX_LIBRARY = "libc++";
				CLANG_WARN_CONSTANT_CONVERSION = YES;
				CLANG_WARN_EMPTY_BODY = YES;
				CLANG_WARN_ENUM_CONVERSION = YES;
				CLANG_WARN_INT_CONVERSION = YES;
				CLANG_WARN__DUPLICATE_METHOD_MATCH = YES;
				CODE_SIGN_IDENTITY = "iPhone Distribution: Xtreme Programming Group, Inc.";
				"CODE_SIGN_IDENTITY[sdk=iphoneos*]" = "iPhone Distribution: Xtreme Programming Group, Inc.";
				COPY_PHASE_STRIP = YES;
				GCC_C_LANGUAGE_STANDARD = gnu99;
				GCC_WARN_ABOUT_RETURN_TYPE = YES;
				GCC_WARN_UNINITIALIZED_AUTOS = YES;
				GCC_WARN_UNUSED_VARIABLE = YES;
				IPHONEOS_DEPLOYMENT_TARGET = 6.0;
				OTHER_CFLAGS = "-DNS_BLOCK_ASSERTIONS=1";
				PROVISIONING_PROFILE = "C32EBE52-640A-4B6F-B51C-E84A9888D894";
				"PROVISIONING_PROFILE[sdk=iphoneos*]" = "C32EBE52-640A-4B6F-B51C-E84A9888D894";
				SDKROOT = iphoneos;
				VALIDATE_PRODUCT = YES;
			};
			name = Release;
		};
		C3840BAC17E9D1E60049FDE5 /* Debug */ = {
			isa = XCBuildConfiguration;
			buildSettings = {
				GCC_PRECOMPILE_PREFIX_HEADER = YES;
				GCC_PREFIX_HEADER = "iFind/iFind-Prefix.pch";
				INFOPLIST_FILE = "iFind/iFind-Info.plist";
				IPHONEOS_DEPLOYMENT_TARGET = 6.0;
				PRODUCT_NAME = "$(TARGET_NAME)";
				WRAPPER_EXTENSION = app;
			};
			name = Debug;
		};
		C3840BAD17E9D1E60049FDE5 /* Release */ = {
			isa = XCBuildConfiguration;
			buildSettings = {
				CODE_SIGN_IDENTITY = "iPhone Distribution: Xtreme Programming Group, Inc.";
				"CODE_SIGN_IDENTITY[sdk=iphoneos*]" = "iPhone Distribution: Xtreme Programming Group, Inc.";
				GCC_PRECOMPILE_PREFIX_HEADER = YES;
				GCC_PREFIX_HEADER = "iFind/iFind-Prefix.pch";
				INFOPLIST_FILE = "iFind/iFind-Info.plist";
				IPHONEOS_DEPLOYMENT_TARGET = 6.0;
				PRODUCT_NAME = "$(TARGET_NAME)";
				PROVISIONING_PROFILE = "";
				"PROVISIONING_PROFILE[sdk=iphoneos*]" = "";
				WRAPPER_EXTENSION = app;
			};
			name = Release;
		};
/* End XCBuildConfiguration section */

/* Begin XCConfigurationList section */
		C3840B8317E9D1E60049FDE5 /* Build configuration list for PBXProject "iFind" */ = {
			isa = XCConfigurationList;
			buildConfigurations = (
				C3840BA917E9D1E60049FDE5 /* Debug */,
				C3840BAA17E9D1E60049FDE5 /* Release */,
			);
			defaultConfigurationIsVisible = 0;
			defaultConfigurationName = Release;
		};
		C3840BAB17E9D1E60049FDE5 /* Build configuration list for PBXNativeTarget "iFind" */ = {
			isa = XCConfigurationList;
			buildConfigurations = (
				C3840BAC17E9D1E60049FDE5 /* Debug */,
				C3840BAD17E9D1E60049FDE5 /* Release */,
			);
			defaultConfigurationIsVisible = 0;
			defaultConfigurationName = Release;
		};
/* End XCConfigurationList section */
	};
	rootObject = C3840B8017E9D1E60049FDE5 /* Project object */;
}
